{
  "object": {
    "pins": [
      {
        "package": "Alamofire",
        "repositoryURL": "https://github.com/Alamofire/Alamofire",
        "state": {
          "branch": null,
          "revision": "f96b619bcb2383b43d898402283924b80e2c4bae",
          "version": "5.4.3"
        }
      },
      {
        "package": "Defaults",
        "repositoryURL": "https://github.com/sindresorhus/Defaults",
        "state": {
          "branch": null,
          "revision": "63d93f97ad545c8bceb125a8a36175ea705f7cf5",
          "version": "5.0.0"
        }
      },
      {
        "package": "JWTDecode",
        "repositoryURL": "https://github.com/auth0/JWTDecode.swift.git",
        "state": {
          "branch": null,
          "revision": "3cd207fb9e943b6168a117baa3936c823204c2dc",
          "version": "2.6.3"
        }
      },
      {
        "package": "LaunchAtLogin",
        "repositoryURL": "https://github.com/sindresorhus/LaunchAtLogin",
        "state": {
          "branch": "main",
          "revision": "c34d3c71713b76e5052cfdddfc67765c22350daa",
          "version": null
        }
      },
      {
        "package": "Path.swift",
        "repositoryURL": "https://github.com/mxcl/Path.swift.git",
        "state": {
          "branch": null,
          "revision": "9c6f807b0a76be0e27aecc908bc6f173400d839e",
          "version": "1.4.0"
        }
      },
      {
        "package": "Sentry",
        "repositoryURL": "https://github.com/getsentry/sentry-cocoa",
        "state": {
          "branch": null,
          "revision": "d6e3fd7c6180507e2dea8c470edd7fffe975a0cd",
          "version": "7.4.6"
        }
      },
      {
        "package": "SwiftSocket",
        "repositoryURL": "https://github.com/ParetoSecurity/SwiftSocket",
        "state": {
          "branch": "spm",
          "revision": "471a78f22bbd9e37e405f876ef45117216c5c377",
          "version": null
        }
      },
      {
        "package": "Version",
        "repositoryURL": "https://github.com/mxcl/Version.git",
        "state": {
          "branch": null,
          "revision": "1fe824b80d89201652e7eca7c9252269a1d85e25",
          "version": "2.0.1"
        }
      },
      {
        "package": "ViewInspector",
        "repositoryURL": "https://github.com/nalexn/ViewInspector",
        "state": {
          "branch": "master",
          "revision": "5a429838f90779043e3f63bf8ed84d39478f0487",
          "version": null
        }
      }
    ]
  },
  "version": 1
}
