// !$*UTF8*$!
{
	archiveVersion = 1;
	classes = {
	};
	objectVersion = 52;
	objects = {

/* Begin PBXBuildFile section */
		4F0371BC26CD00B700B35E43 /* Boot.swift in Sources */ = {isa = PBXBuildFile; fileRef = 4F0371BB26CD00B700B35E43 /* Boot.swift */; };
		4F080D1D26C50D2800686786 /* ParetoSecurityTests.swift in Sources */ = {isa = PBXBuildFile; fileRef = 4FC81A4B26C41DC8006EABA8 /* ParetoSecurityTests.swift */; };
		4F103008269EE136008C1E86 /* SettingsView.swift in Sources */ = {isa = PBXBuildFile; fileRef = 4F103007269EE135008C1E86 /* SettingsView.swift */; };
		4F103012269F1C65008C1E86 /* LaunchAtLogin in Frameworks */ = {isa = PBXBuildFile; productRef = 4F103011269F1C65008C1E86 /* LaunchAtLogin */; };
		4F14487426D8EA5E00A5BA34 /* Updater.swift in Sources */ = {isa = PBXBuildFile; fileRef = 4F14487326D8EA5E00A5BA34 /* Updater.swift */; };
		4F14487726D8EB2E00A5BA34 /* Version in Frameworks */ = {isa = PBXBuildFile; productRef = 4F14487626D8EB2E00A5BA34 /* Version */; };
		4F14487A26D8EB7A00A5BA34 /* Path in Frameworks */ = {isa = PBXBuildFile; productRef = 4F14487926D8EB7A00A5BA34 /* Path */; };
		4F14487C26D8EDB000A5BA34 /* Bundle.swift in Sources */ = {isa = PBXBuildFile; fileRef = 4F14487B26D8EDB000A5BA34 /* Bundle.swift */; };
		4F196CD62714B51900A2A7B8 /* JWTDecode in Frameworks */ = {isa = PBXBuildFile; productRef = 4F196CD52714B51900A2A7B8 /* JWTDecode */; };
		4F1AE88B26F9FC150084A381 /* SwiftSocket in Frameworks */ = {isa = PBXBuildFile; productRef = 4F1AE88A26F9FC150084A381 /* SwiftSocket */; };
		4F1AE89026F9FFA60084A381 /* MediaShare.swift in Sources */ = {isa = PBXBuildFile; fileRef = 4F1AE88F26F9FFA60084A381 /* MediaShare.swift */; };
		4F1AE89226FA026D0084A381 /* AirPlay.swift in Sources */ = {isa = PBXBuildFile; fileRef = 4F1AE89126FA026D0084A381 /* AirPlay.swift */; };
		4F24A08E26EB734A0036F748 /* LicenseSettingsView.swift in Sources */ = {isa = PBXBuildFile; fileRef = 4F24A08D26EB734A0036F748 /* LicenseSettingsView.swift */; };
		4F24A09026EB735F0036F748 /* TeamSettings.swift in Sources */ = {isa = PBXBuildFile; fileRef = 4F24A08F26EB735F0036F748 /* TeamSettings.swift */; };
		4F24A09226EB73980036F748 /* AboutSettingsView.swift in Sources */ = {isa = PBXBuildFile; fileRef = 4F24A09126EB73980036F748 /* AboutSettingsView.swift */; };
		4F24A09426EB73C80036F748 /* ChecksSettingsView.swift in Sources */ = {isa = PBXBuildFile; fileRef = 4F24A09326EB73C80036F748 /* ChecksSettingsView.swift */; };
		4F24A09626EB73F30036F748 /* GeneralSettingsView.swift in Sources */ = {isa = PBXBuildFile; fileRef = 4F24A09526EB73F30036F748 /* GeneralSettingsView.swift */; };
		4F343A5F26F7A3D4007D2F7D /* Teams.swift in Sources */ = {isa = PBXBuildFile; fileRef = 4F343A5E26F7A3D4007D2F7D /* Teams.swift */; };
		4F35395526E8AD4C008F5DD3 /* RemoteManagment.swift in Sources */ = {isa = PBXBuildFile; fileRef = 4F35395426E8AD4B008F5DD3 /* RemoteManagment.swift */; };
		4F35395726E8AE02008F5DD3 /* RemoteLogin.swift in Sources */ = {isa = PBXBuildFile; fileRef = 4F35395626E8AE02008F5DD3 /* RemoteLogin.swift */; };
		4F3EF24326CA859500841375 /* Claim.swift in Sources */ = {isa = PBXBuildFile; fileRef = 4F3EF24226CA859500841375 /* Claim.swift */; };
		4F47221026B08A0E0071CE2A /* Defaults.swift in Sources */ = {isa = PBXBuildFile; fileRef = 4F47220F26B08A0E0071CE2A /* Defaults.swift */; };
		4F57135326F8A6AC004B4359 /* LicenseTest.swift in Sources */ = {isa = PBXBuildFile; fileRef = 4F57135226F8A6AC004B4359 /* LicenseTest.swift */; };
		4F57135526F8ACCC004B4359 /* WelcomeTest.swift in Sources */ = {isa = PBXBuildFile; fileRef = 4F57135426F8ACCC004B4359 /* WelcomeTest.swift */; };
		4F57135726F8BF84004B4359 /* ParetoAppTest.swift in Sources */ = {isa = PBXBuildFile; fileRef = 4F57135626F8BF84004B4359 /* ParetoAppTest.swift */; };
		4F57135B26F8C5D7004B4359 /* AppHandlers.swift in Sources */ = {isa = PBXBuildFile; fileRef = 4F57135A26F8C5D7004B4359 /* AppHandlers.swift */; };
		4F57135D26F8C921004B4359 /* TeamsTest.swift in Sources */ = {isa = PBXBuildFile; fileRef = 4F57135C26F8C921004B4359 /* TeamsTest.swift */; };
		4F5B20C127030BEB0015642A /* OpenWiFi.swift in Sources */ = {isa = PBXBuildFile; fileRef = 4F5B20C027030BEB0015642A /* OpenWiFi.swift */; };
		4F5B20C3270316DB0015642A /* NetworkHandler.swift in Sources */ = {isa = PBXBuildFile; fileRef = 4F5B20C2270316DB0015642A /* NetworkHandler.swift */; };
		4F5E888026A053A9005271FB /* ParetoCheck.swift in Sources */ = {isa = PBXBuildFile; fileRef = 4F5E887F26A053A9005271FB /* ParetoCheck.swift */; };
		4F6A0E0E26CE484A003B00A3 /* PrinterSharingCheck.swift in Sources */ = {isa = PBXBuildFile; fileRef = 4F6A0E0D26CE484A003B00A3 /* PrinterSharingCheck.swift */; };
		4F6A0E1026CE4868003B00A3 /* FileSharingCheck.swift in Sources */ = {isa = PBXBuildFile; fileRef = 4F6A0E0F26CE4868003B00A3 /* FileSharingCheck.swift */; };
		4F6A0E1326CE608C003B00A3 /* Defaults in Frameworks */ = {isa = PBXBuildFile; productRef = 4F6A0E1226CE608C003B00A3 /* Defaults */; };
		4F6A92E626C521BE006C2F2D /* CheckIntegrationTest.swift in Sources */ = {isa = PBXBuildFile; fileRef = 4F6A92E526C521BE006C2F2D /* CheckIntegrationTest.swift */; };
		4F6A92E826C52210006C2F2D /* IntegrationCheck.swift in Sources */ = {isa = PBXBuildFile; fileRef = 4F6A92E726C52210006C2F2D /* IntegrationCheck.swift */; };
		4F6A92EA26C54AB7006C2F2D /* AppInfo.swift in Sources */ = {isa = PBXBuildFile; fileRef = 4F6A92E926C54AB7006C2F2D /* AppInfo.swift */; };
		4F6A92F226C555C6006C2F2D /* ParetoSecurityUITests.swift in Sources */ = {isa = PBXBuildFile; fileRef = 4F6A92F126C555C6006C2F2D /* ParetoSecurityUITests.swift */; };
		4F81C10826EB5D270065F548 /* URL.swift in Sources */ = {isa = PBXBuildFile; fileRef = 4F81C10726EB5D270065F548 /* URL.swift */; };
		4F84531026D634E5007C3B04 /* NSWorkspace.swift in Sources */ = {isa = PBXBuildFile; fileRef = 4F84530F26D634E5007C3B04 /* NSWorkspace.swift */; };
		4F84531226D638C0007C3B04 /* NSBackgroundActivityScheduler.swift in Sources */ = {isa = PBXBuildFile; fileRef = 4F84531126D638C0007C3B04 /* NSBackgroundActivityScheduler.swift */; };
		4F84A94426CBBA6900A1579D /* SettingsTests.swift in Sources */ = {isa = PBXBuildFile; fileRef = 4F84A94326CBBA6900A1579D /* SettingsTests.swift */; };
		4F84A94926CBE21300A1579D /* PasswordFromLock.swift in Sources */ = {isa = PBXBuildFile; fileRef = 4F84A94826CBE21300A1579D /* PasswordFromLock.swift */; };
		4F84A94C26CBE4AE00A1579D /* ViewInspector in Frameworks */ = {isa = PBXBuildFile; productRef = 4F84A94B26CBE4AE00A1579D /* ViewInspector */; };
		4F868DCF26A591E6005B876E /* Firewall.swift in Sources */ = {isa = PBXBuildFile; fileRef = 4F868DCE26A591E6005B876E /* Firewall.swift */; };
		4F868DD126A5C51C005B876E /* Autologin.swift in Sources */ = {isa = PBXBuildFile; fileRef = 4F868DD026A5C51C005B876E /* Autologin.swift */; };
		4F868DD326A5C751005B876E /* Screensaver.swift in Sources */ = {isa = PBXBuildFile; fileRef = 4F868DD226A5C751005B876E /* Screensaver.swift */; };
		4F8B01B226F4A6CB00EDE14B /* WelcomeView.swift in Sources */ = {isa = PBXBuildFile; fileRef = 4F8B01B126F4A6CB00EDE14B /* WelcomeView.swift */; };
		4F9791C126F5DB4F00E668F4 /* Color.swift in Sources */ = {isa = PBXBuildFile; fileRef = 4F9791C026F5DB4F00E668F4 /* Color.swift */; };
		4FB0416126F71CC0003657BE /* ButtonStyle.swift in Sources */ = {isa = PBXBuildFile; fileRef = 4FB0416026F71CC0003657BE /* ButtonStyle.swift */; };
		4FB405EF26A6FC4800267D5D /* ScreensaverPassword.swift in Sources */ = {isa = PBXBuildFile; fileRef = 4FB405EE26A6FC4800267D5D /* ScreensaverPassword.swift */; };
		4FB7C67D26AFF1AB00FB1C41 /* Log.swift in Sources */ = {isa = PBXBuildFile; fileRef = 4FB7C67C26AFF1AB00FB1C41 /* Log.swift */; };
		4FB7C68126AFF25300FB1C41 /* Date.swift in Sources */ = {isa = PBXBuildFile; fileRef = 4FB7C68026AFF25300FB1C41 /* Date.swift */; };
		4FB7C68726AFF29A00FB1C41 /* NSImage.swift in Sources */ = {isa = PBXBuildFile; fileRef = 4FB7C68626AFF29A00FB1C41 /* NSImage.swift */; };
		4FB7C68D26AFFD2600FB1C41 /* FileVault.swift in Sources */ = {isa = PBXBuildFile; fileRef = 4FB7C68C26AFFD2600FB1C41 /* FileVault.swift */; };
		4FD0A24126A024440070BED4 /* Gatekeeper.swift in Sources */ = {isa = PBXBuildFile; fileRef = 4FD0A24026A024440070BED4 /* Gatekeeper.swift */; };
		4FDAD88F26EB784A00F64E61 /* License.swift in Sources */ = {isa = PBXBuildFile; fileRef = 4FDAD88E26EB784A00F64E61 /* License.swift */; };
		4FEBA2F2269CD48F009B2469 /* ParetoApp.swift in Sources */ = {isa = PBXBuildFile; fileRef = 4FEBA2F1269CD48F009B2469 /* ParetoApp.swift */; };
		4FEBA2F6269CD48F009B2469 /* Assets.xcassets in Resources */ = {isa = PBXBuildFile; fileRef = 4FEBA2F5269CD48F009B2469 /* Assets.xcassets */; };
		4FEBA2F9269CD48F009B2469 /* Preview Assets.xcassets in Resources */ = {isa = PBXBuildFile; fileRef = 4FEBA2F8269CD48F009B2469 /* Preview Assets.xcassets */; };
		4FEBA304269CD4E0009B2469 /* StatusBarController.swift in Sources */ = {isa = PBXBuildFile; fileRef = 4FEBA303269CD4E0009B2469 /* StatusBarController.swift */; };
		4FF13D9726DCCB9900E4084E /* Utils.swift in Sources */ = {isa = PBXBuildFile; fileRef = 4FF13D9626DCCB9900E4084E /* Utils.swift */; };
		4FF13D9D26DE235700E4084E /* UpdaterTest.swift in Sources */ = {isa = PBXBuildFile; fileRef = 4FF13D9C26DE235700E4084E /* UpdaterTest.swift */; };
		4FF22A6526F0CFA500500213 /* Flags.swift in Sources */ = {isa = PBXBuildFile; fileRef = 4FF22A6426F0CFA500500213 /* Flags.swift */; };
		4FF515C126F7B362008D135E /* Alamofire in Frameworks */ = {isa = PBXBuildFile; productRef = 4FF515C026F7B362008D135E /* Alamofire */; };
/* End PBXBuildFile section */

/* Begin PBXContainerItemProxy section */
		4F080CDF26C5084600686786 /* PBXContainerItemProxy */ = {
			isa = PBXContainerItemProxy;
			containerPortal = 4FEBA2E6269CD48F009B2469 /* Project object */;
			proxyType = 1;
			remoteGlobalIDString = 4FEBA2ED269CD48F009B2469;
			remoteInfo = "Pareto Security";
		};
		4F6A92F326C555C6006C2F2D /* PBXContainerItemProxy */ = {
			isa = PBXContainerItemProxy;
			containerPortal = 4FEBA2E6269CD48F009B2469 /* Project object */;
			proxyType = 1;
			remoteGlobalIDString = 4FEBA2ED269CD48F009B2469;
			remoteInfo = "Pareto Security";
		};
/* End PBXContainerItemProxy section */

/* Begin PBXFileReference section */
		4F0371BB26CD00B700B35E43 /* Boot.swift */ = {isa = PBXFileReference; lastKnownFileType = sourcecode.swift; path = Boot.swift; sourceTree = "<group>"; };
		4F103007269EE135008C1E86 /* SettingsView.swift */ = {isa = PBXFileReference; lastKnownFileType = sourcecode.swift; path = SettingsView.swift; sourceTree = "<group>"; };
		4F14487326D8EA5E00A5BA34 /* Updater.swift */ = {isa = PBXFileReference; lastKnownFileType = sourcecode.swift; path = Updater.swift; sourceTree = "<group>"; };
		4F14487B26D8EDB000A5BA34 /* Bundle.swift */ = {isa = PBXFileReference; lastKnownFileType = sourcecode.swift; path = Bundle.swift; sourceTree = "<group>"; };
		4F196CD72714C1C600A2A7B8 /* JWT.playground */ = {isa = PBXFileReference; lastKnownFileType = file.playground; path = JWT.playground; sourceTree = "<group>"; xcLanguageSpecificationIdentifier = xcode.lang.swift; };
		4F1AE88F26F9FFA60084A381 /* MediaShare.swift */ = {isa = PBXFileReference; lastKnownFileType = sourcecode.swift; path = MediaShare.swift; sourceTree = "<group>"; };
		4F1AE89126FA026D0084A381 /* AirPlay.swift */ = {isa = PBXFileReference; lastKnownFileType = sourcecode.swift; path = AirPlay.swift; sourceTree = "<group>"; };
		4F24A08D26EB734A0036F748 /* LicenseSettingsView.swift */ = {isa = PBXFileReference; lastKnownFileType = sourcecode.swift; path = LicenseSettingsView.swift; sourceTree = "<group>"; };
		4F24A08F26EB735F0036F748 /* TeamSettings.swift */ = {isa = PBXFileReference; lastKnownFileType = sourcecode.swift; path = TeamSettings.swift; sourceTree = "<group>"; };
		4F24A09126EB73980036F748 /* AboutSettingsView.swift */ = {isa = PBXFileReference; lastKnownFileType = sourcecode.swift; path = AboutSettingsView.swift; sourceTree = "<group>"; };
		4F24A09326EB73C80036F748 /* ChecksSettingsView.swift */ = {isa = PBXFileReference; lastKnownFileType = sourcecode.swift; path = ChecksSettingsView.swift; sourceTree = "<group>"; };
		4F24A09526EB73F30036F748 /* GeneralSettingsView.swift */ = {isa = PBXFileReference; lastKnownFileType = sourcecode.swift; path = GeneralSettingsView.swift; sourceTree = "<group>"; };
		4F343A5D26F7A3C8007D2F7D /* API.playground */ = {isa = PBXFileReference; lastKnownFileType = file.playground; path = API.playground; sourceTree = "<group>"; xcLanguageSpecificationIdentifier = xcode.lang.swift; };
		4F343A5E26F7A3D4007D2F7D /* Teams.swift */ = {isa = PBXFileReference; fileEncoding = 4; lastKnownFileType = sourcecode.swift; path = Teams.swift; sourceTree = "<group>"; };
		4F35395426E8AD4B008F5DD3 /* RemoteManagment.swift */ = {isa = PBXFileReference; lastKnownFileType = sourcecode.swift; path = RemoteManagment.swift; sourceTree = "<group>"; };
		4F35395626E8AE02008F5DD3 /* RemoteLogin.swift */ = {isa = PBXFileReference; lastKnownFileType = sourcecode.swift; path = RemoteLogin.swift; sourceTree = "<group>"; };
		4F3EF24226CA859500841375 /* Claim.swift */ = {isa = PBXFileReference; lastKnownFileType = sourcecode.swift; path = Claim.swift; sourceTree = "<group>"; };
		4F47220F26B08A0E0071CE2A /* Defaults.swift */ = {isa = PBXFileReference; lastKnownFileType = sourcecode.swift; path = Defaults.swift; sourceTree = "<group>"; };
		4F57135226F8A6AC004B4359 /* LicenseTest.swift */ = {isa = PBXFileReference; lastKnownFileType = sourcecode.swift; path = LicenseTest.swift; sourceTree = "<group>"; };
		4F57135426F8ACCC004B4359 /* WelcomeTest.swift */ = {isa = PBXFileReference; lastKnownFileType = sourcecode.swift; path = WelcomeTest.swift; sourceTree = "<group>"; };
		4F57135626F8BF84004B4359 /* ParetoAppTest.swift */ = {isa = PBXFileReference; lastKnownFileType = sourcecode.swift; path = ParetoAppTest.swift; sourceTree = "<group>"; };
		4F57135A26F8C5D7004B4359 /* AppHandlers.swift */ = {isa = PBXFileReference; lastKnownFileType = sourcecode.swift; path = AppHandlers.swift; sourceTree = "<group>"; };
		4F57135C26F8C921004B4359 /* TeamsTest.swift */ = {isa = PBXFileReference; lastKnownFileType = sourcecode.swift; path = TeamsTest.swift; sourceTree = "<group>"; };
		4F5B20C027030BEB0015642A /* OpenWiFi.swift */ = {isa = PBXFileReference; lastKnownFileType = sourcecode.swift; path = OpenWiFi.swift; sourceTree = "<group>"; };
		4F5B20C2270316DB0015642A /* NetworkHandler.swift */ = {isa = PBXFileReference; lastKnownFileType = sourcecode.swift; path = NetworkHandler.swift; sourceTree = "<group>"; };
		4F5E887F26A053A9005271FB /* ParetoCheck.swift */ = {isa = PBXFileReference; lastKnownFileType = sourcecode.swift; path = ParetoCheck.swift; sourceTree = "<group>"; };
		4F6A0E0D26CE484A003B00A3 /* PrinterSharingCheck.swift */ = {isa = PBXFileReference; lastKnownFileType = sourcecode.swift; path = PrinterSharingCheck.swift; sourceTree = "<group>"; };
		4F6A0E0F26CE4868003B00A3 /* FileSharingCheck.swift */ = {isa = PBXFileReference; lastKnownFileType = sourcecode.swift; path = FileSharingCheck.swift; sourceTree = "<group>"; };
		4F6A92E526C521BE006C2F2D /* CheckIntegrationTest.swift */ = {isa = PBXFileReference; lastKnownFileType = sourcecode.swift; path = CheckIntegrationTest.swift; sourceTree = "<group>"; };
		4F6A92E726C52210006C2F2D /* IntegrationCheck.swift */ = {isa = PBXFileReference; fileEncoding = 4; lastKnownFileType = sourcecode.swift; path = IntegrationCheck.swift; sourceTree = "<group>"; };
		4F6A92E926C54AB7006C2F2D /* AppInfo.swift */ = {isa = PBXFileReference; lastKnownFileType = sourcecode.swift; path = AppInfo.swift; sourceTree = "<group>"; };
		4F6A92EF26C555C6006C2F2D /* ParetoSecurityUITests.xctest */ = {isa = PBXFileReference; explicitFileType = wrapper.cfbundle; includeInIndex = 0; path = ParetoSecurityUITests.xctest; sourceTree = BUILT_PRODUCTS_DIR; };
		4F6A92F126C555C6006C2F2D /* ParetoSecurityUITests.swift */ = {isa = PBXFileReference; lastKnownFileType = sourcecode.swift; path = ParetoSecurityUITests.swift; sourceTree = "<group>"; };
		4F81C10726EB5D270065F548 /* URL.swift */ = {isa = PBXFileReference; lastKnownFileType = sourcecode.swift; path = URL.swift; sourceTree = "<group>"; };
		4F84530F26D634E5007C3B04 /* NSWorkspace.swift */ = {isa = PBXFileReference; lastKnownFileType = sourcecode.swift; path = NSWorkspace.swift; sourceTree = "<group>"; };
		4F84531126D638C0007C3B04 /* NSBackgroundActivityScheduler.swift */ = {isa = PBXFileReference; lastKnownFileType = sourcecode.swift; path = NSBackgroundActivityScheduler.swift; sourceTree = "<group>"; };
		4F84A94326CBBA6900A1579D /* SettingsTests.swift */ = {isa = PBXFileReference; lastKnownFileType = sourcecode.swift; path = SettingsTests.swift; sourceTree = "<group>"; };
		4F84A94826CBE21300A1579D /* PasswordFromLock.swift */ = {isa = PBXFileReference; lastKnownFileType = sourcecode.swift; path = PasswordFromLock.swift; sourceTree = "<group>"; };
		4F868DCE26A591E6005B876E /* Firewall.swift */ = {isa = PBXFileReference; lastKnownFileType = sourcecode.swift; path = Firewall.swift; sourceTree = "<group>"; };
		4F868DD026A5C51C005B876E /* Autologin.swift */ = {isa = PBXFileReference; lastKnownFileType = sourcecode.swift; path = Autologin.swift; sourceTree = "<group>"; };
		4F868DD226A5C751005B876E /* Screensaver.swift */ = {isa = PBXFileReference; lastKnownFileType = sourcecode.swift; path = Screensaver.swift; sourceTree = "<group>"; };
		4F8B01B126F4A6CB00EDE14B /* WelcomeView.swift */ = {isa = PBXFileReference; lastKnownFileType = sourcecode.swift; path = WelcomeView.swift; sourceTree = "<group>"; };
		4F9791C026F5DB4F00E668F4 /* Color.swift */ = {isa = PBXFileReference; lastKnownFileType = sourcecode.swift; path = Color.swift; sourceTree = "<group>"; };
		4FB0416026F71CC0003657BE /* ButtonStyle.swift */ = {isa = PBXFileReference; lastKnownFileType = sourcecode.swift; path = ButtonStyle.swift; sourceTree = "<group>"; };
		4FB405EE26A6FC4800267D5D /* ScreensaverPassword.swift */ = {isa = PBXFileReference; lastKnownFileType = sourcecode.swift; path = ScreensaverPassword.swift; sourceTree = "<group>"; };
		4FB7C67C26AFF1AB00FB1C41 /* Log.swift */ = {isa = PBXFileReference; lastKnownFileType = sourcecode.swift; path = Log.swift; sourceTree = "<group>"; };
		4FB7C68026AFF25300FB1C41 /* Date.swift */ = {isa = PBXFileReference; lastKnownFileType = sourcecode.swift; path = Date.swift; sourceTree = "<group>"; };
		4FB7C68626AFF29A00FB1C41 /* NSImage.swift */ = {isa = PBXFileReference; lastKnownFileType = sourcecode.swift; path = NSImage.swift; sourceTree = "<group>"; };
		4FB7C68C26AFFD2600FB1C41 /* FileVault.swift */ = {isa = PBXFileReference; lastKnownFileType = sourcecode.swift; path = FileVault.swift; sourceTree = "<group>"; };
		4FC81A4926C41DC8006EABA8 /* ParetoSecurityTests.xctest */ = {isa = PBXFileReference; explicitFileType = wrapper.cfbundle; includeInIndex = 0; path = ParetoSecurityTests.xctest; sourceTree = BUILT_PRODUCTS_DIR; };
		4FC81A4B26C41DC8006EABA8 /* ParetoSecurityTests.swift */ = {isa = PBXFileReference; lastKnownFileType = sourcecode.swift; path = ParetoSecurityTests.swift; sourceTree = "<group>"; };
		4FD0A24026A024440070BED4 /* Gatekeeper.swift */ = {isa = PBXFileReference; lastKnownFileType = sourcecode.swift; path = Gatekeeper.swift; sourceTree = "<group>"; };
		4FDAD88E26EB784A00F64E61 /* License.swift */ = {isa = PBXFileReference; lastKnownFileType = sourcecode.swift; path = License.swift; sourceTree = "<group>"; };
		4FEBA2EE269CD48F009B2469 /* Pareto Security.app */ = {isa = PBXFileReference; explicitFileType = wrapper.application; includeInIndex = 0; path = "Pareto Security.app"; sourceTree = BUILT_PRODUCTS_DIR; };
		4FEBA2F1269CD48F009B2469 /* ParetoApp.swift */ = {isa = PBXFileReference; lastKnownFileType = sourcecode.swift; path = ParetoApp.swift; sourceTree = "<group>"; };
		4FEBA2F5269CD48F009B2469 /* Assets.xcassets */ = {isa = PBXFileReference; lastKnownFileType = folder.assetcatalog; path = Assets.xcassets; sourceTree = "<group>"; };
		4FEBA2F8269CD48F009B2469 /* Preview Assets.xcassets */ = {isa = PBXFileReference; lastKnownFileType = folder.assetcatalog; path = "Preview Assets.xcassets"; sourceTree = "<group>"; };
		4FEBA2FA269CD48F009B2469 /* Info.plist */ = {isa = PBXFileReference; lastKnownFileType = text.plist.xml; path = Info.plist; sourceTree = "<group>"; };
		4FEBA2FB269CD48F009B2469 /* Pareto.entitlements */ = {isa = PBXFileReference; lastKnownFileType = text.plist.entitlements; path = Pareto.entitlements; sourceTree = "<group>"; };
		4FEBA303269CD4E0009B2469 /* StatusBarController.swift */ = {isa = PBXFileReference; lastKnownFileType = sourcecode.swift; path = StatusBarController.swift; sourceTree = "<group>"; };
		4FF13D9626DCCB9900E4084E /* Utils.swift */ = {isa = PBXFileReference; lastKnownFileType = sourcecode.swift; path = Utils.swift; sourceTree = "<group>"; };
		4FF13D9C26DE235700E4084E /* UpdaterTest.swift */ = {isa = PBXFileReference; lastKnownFileType = sourcecode.swift; path = UpdaterTest.swift; sourceTree = "<group>"; };
		4FF22A6426F0CFA500500213 /* Flags.swift */ = {isa = PBXFileReference; lastKnownFileType = sourcecode.swift; path = Flags.swift; sourceTree = "<group>"; };
/* End PBXFileReference section */

/* Begin PBXFrameworksBuildPhase section */
		4F6A92EC26C555C6006C2F2D /* Frameworks */ = {
			isa = PBXFrameworksBuildPhase;
			buildActionMask = 2147483647;
			files = (
			);
			runOnlyForDeploymentPostprocessing = 0;
		};
		4FC81A4626C41DC8006EABA8 /* Frameworks */ = {
			isa = PBXFrameworksBuildPhase;
			buildActionMask = 2147483647;
			files = (
				4F84A94C26CBE4AE00A1579D /* ViewInspector in Frameworks */,
			);
			runOnlyForDeploymentPostprocessing = 0;
		};
		4FEBA2EB269CD48F009B2469 /* Frameworks */ = {
			isa = PBXFrameworksBuildPhase;
			buildActionMask = 2147483647;
			files = (
				4F14487726D8EB2E00A5BA34 /* Version in Frameworks */,
				4F14487A26D8EB7A00A5BA34 /* Path in Frameworks */,
				4FF515C126F7B362008D135E /* Alamofire in Frameworks */,
				4F6A0E1326CE608C003B00A3 /* Defaults in Frameworks */,
				4F1AE88B26F9FC150084A381 /* SwiftSocket in Frameworks */,
				4F103012269F1C65008C1E86 /* LaunchAtLogin in Frameworks */,
				4F196CD62714B51900A2A7B8 /* JWTDecode in Frameworks */,
			);
			runOnlyForDeploymentPostprocessing = 0;
		};
/* End PBXFrameworksBuildPhase section */

/* Begin PBXGroup section */
		4F103006269EDB82008C1E86 /* Views */ = {
			isa = PBXGroup;
			children = (
				4F103007269EE135008C1E86 /* SettingsView.swift */,
				4F24A08D26EB734A0036F748 /* LicenseSettingsView.swift */,
				4F24A08F26EB735F0036F748 /* TeamSettings.swift */,
				4F24A09126EB73980036F748 /* AboutSettingsView.swift */,
				4F24A09326EB73C80036F748 /* ChecksSettingsView.swift */,
				4F24A09526EB73F30036F748 /* GeneralSettingsView.swift */,
				4F8B01B126F4A6CB00EDE14B /* WelcomeView.swift */,
			);
			path = Views;
			sourceTree = "<group>";
		};
		4F103009269F054C008C1E86 /* StatusBar */ = {
			isa = PBXGroup;
			children = (
				4FEBA303269CD4E0009B2469 /* StatusBarController.swift */,
			);
			path = StatusBar;
			sourceTree = "<group>";
		};
		4F10300A269F0568008C1E86 /* Checks */ = {
			isa = PBXGroup;
			children = (
				4F1AE88E26F9FF630084A381 /* System Integrity */,
				4F1AE88D26F9FF440084A381 /* Firewall and Sharing */,
				4F1AE88C26F9FEA60084A381 /* Access Security */,
				4F3EF24226CA859500841375 /* Claim.swift */,
				4F5E887F26A053A9005271FB /* ParetoCheck.swift */,
				4F6A92E726C52210006C2F2D /* IntegrationCheck.swift */,
			);
			path = Checks;
			sourceTree = "<group>";
		};
		4F1AE88C26F9FEA60084A381 /* Access Security */ = {
			isa = PBXGroup;
			children = (
				4F868DD026A5C51C005B876E /* Autologin.swift */,
				4FB405EE26A6FC4800267D5D /* ScreensaverPassword.swift */,
				4F868DD226A5C751005B876E /* Screensaver.swift */,
				4F84A94826CBE21300A1579D /* PasswordFromLock.swift */,
			);
			path = "Access Security";
			sourceTree = "<group>";
		};
		4F1AE88D26F9FF440084A381 /* Firewall and Sharing */ = {
			isa = PBXGroup;
			children = (
				4F35395426E8AD4B008F5DD3 /* RemoteManagment.swift */,
				4F35395626E8AE02008F5DD3 /* RemoteLogin.swift */,
				4F6A0E0D26CE484A003B00A3 /* PrinterSharingCheck.swift */,
				4F6A0E0F26CE4868003B00A3 /* FileSharingCheck.swift */,
				4F868DCE26A591E6005B876E /* Firewall.swift */,
				4F1AE88F26F9FFA60084A381 /* MediaShare.swift */,
				4F1AE89126FA026D0084A381 /* AirPlay.swift */,
			);
			path = "Firewall and Sharing";
			sourceTree = "<group>";
		};
		4F1AE88E26F9FF630084A381 /* System Integrity */ = {
			isa = PBXGroup;
			children = (
				4F5B20C027030BEB0015642A /* OpenWiFi.swift */,
				4F0371BB26CD00B700B35E43 /* Boot.swift */,
				4FB7C68C26AFFD2600FB1C41 /* FileVault.swift */,
				4FD0A24026A024440070BED4 /* Gatekeeper.swift */,
			);
			path = "System Integrity";
			sourceTree = "<group>";
		};
		4F6A92F026C555C6006C2F2D /* ParetoSecurityUITests */ = {
			isa = PBXGroup;
			children = (
				4F6A92F126C555C6006C2F2D /* ParetoSecurityUITests.swift */,
			);
			path = ParetoSecurityUITests;
			sourceTree = "<group>";
		};
		4FB7C67F26AFF22C00FB1C41 /* Extensions */ = {
			isa = PBXGroup;
			children = (
				4FB7C68026AFF25300FB1C41 /* Date.swift */,
				4FB7C68626AFF29A00FB1C41 /* NSImage.swift */,
				4F84530F26D634E5007C3B04 /* NSWorkspace.swift */,
				4F84531126D638C0007C3B04 /* NSBackgroundActivityScheduler.swift */,
				4F14487B26D8EDB000A5BA34 /* Bundle.swift */,
				4F81C10726EB5D270065F548 /* URL.swift */,
				4F9791C026F5DB4F00E668F4 /* Color.swift */,
				4FB0416026F71CC0003657BE /* ButtonStyle.swift */,
				4F5B20C2270316DB0015642A /* NetworkHandler.swift */,
			);
			path = Extensions;
			sourceTree = "<group>";
		};
		4FB7C68E26AFFEE500FB1C41 /* Frameworks */ = {
			isa = PBXGroup;
			children = (
			);
			name = Frameworks;
			sourceTree = "<group>";
		};
		4FC81A4A26C41DC8006EABA8 /* ParetoSecurityTests */ = {
			isa = PBXGroup;
			children = (
				4F6A92E526C521BE006C2F2D /* CheckIntegrationTest.swift */,
				4FC81A4B26C41DC8006EABA8 /* ParetoSecurityTests.swift */,
				4F84A94326CBBA6900A1579D /* SettingsTests.swift */,
				4FF13D9C26DE235700E4084E /* UpdaterTest.swift */,
				4F57135226F8A6AC004B4359 /* LicenseTest.swift */,
				4F57135426F8ACCC004B4359 /* WelcomeTest.swift */,
				4F57135626F8BF84004B4359 /* ParetoAppTest.swift */,
				4F57135C26F8C921004B4359 /* TeamsTest.swift */,
			);
			path = ParetoSecurityTests;
			sourceTree = "<group>";
		};
		4FEBA2E5269CD48F009B2469 = {
			isa = PBXGroup;
			children = (
				4F196CD72714C1C600A2A7B8 /* JWT.playground */,
				4F343A5D26F7A3C8007D2F7D /* API.playground */,
				4FEBA2F0269CD48F009B2469 /* Pareto */,
				4FC81A4A26C41DC8006EABA8 /* ParetoSecurityTests */,
				4F6A92F026C555C6006C2F2D /* ParetoSecurityUITests */,
				4FEBA2EF269CD48F009B2469 /* Products */,
				4FB7C68E26AFFEE500FB1C41 /* Frameworks */,
			);
			sourceTree = "<group>";
		};
		4FEBA2EF269CD48F009B2469 /* Products */ = {
			isa = PBXGroup;
			children = (
				4FEBA2EE269CD48F009B2469 /* Pareto Security.app */,
				4FC81A4926C41DC8006EABA8 /* ParetoSecurityTests.xctest */,
				4F6A92EF26C555C6006C2F2D /* ParetoSecurityUITests.xctest */,
			);
			name = Products;
			sourceTree = "<group>";
		};
		4FEBA2F0269CD48F009B2469 /* Pareto */ = {
			isa = PBXGroup;
			children = (
				4F10300A269F0568008C1E86 /* Checks */,
				4FB7C67F26AFF22C00FB1C41 /* Extensions */,
				4F103009269F054C008C1E86 /* StatusBar */,
				4F103006269EDB82008C1E86 /* Views */,
				4FEBA2F7269CD48F009B2469 /* Preview Content */,
				4FEBA2F5269CD48F009B2469 /* Assets.xcassets */,
				4FEBA2FA269CD48F009B2469 /* Info.plist */,
				4FEBA2FB269CD48F009B2469 /* Pareto.entitlements */,
				4FEBA2F1269CD48F009B2469 /* ParetoApp.swift */,
				4F57135A26F8C5D7004B4359 /* AppHandlers.swift */,
				4F343A5E26F7A3D4007D2F7D /* Teams.swift */,
				4FB7C67C26AFF1AB00FB1C41 /* Log.swift */,
				4F47220F26B08A0E0071CE2A /* Defaults.swift */,
				4F6A92E926C54AB7006C2F2D /* AppInfo.swift */,
				4FF13D9626DCCB9900E4084E /* Utils.swift */,
				4F14487326D8EA5E00A5BA34 /* Updater.swift */,
				4FF22A6426F0CFA500500213 /* Flags.swift */,
				4FDAD88E26EB784A00F64E61 /* License.swift */,
			);
			path = Pareto;
			sourceTree = "<group>";
		};
		4FEBA2F7269CD48F009B2469 /* Preview Content */ = {
			isa = PBXGroup;
			children = (
				4FEBA2F8269CD48F009B2469 /* Preview Assets.xcassets */,
			);
			path = "Preview Content";
			sourceTree = "<group>";
		};
/* End PBXGroup section */

/* Begin PBXNativeTarget section */
		4F6A92EE26C555C6006C2F2D /* ParetoSecurityUITests */ = {
			isa = PBXNativeTarget;
			buildConfigurationList = 4F6A92F526C555C6006C2F2D /* Build configuration list for PBXNativeTarget "ParetoSecurityUITests" */;
			buildPhases = (
				4F6A92EB26C555C6006C2F2D /* Sources */,
				4F6A92EC26C555C6006C2F2D /* Frameworks */,
				4F6A92ED26C555C6006C2F2D /* Resources */,
			);
			buildRules = (
			);
			dependencies = (
				4F6A92F426C555C6006C2F2D /* PBXTargetDependency */,
			);
			name = ParetoSecurityUITests;
			productName = ParetoSecurityUITests;
			productReference = 4F6A92EF26C555C6006C2F2D /* ParetoSecurityUITests.xctest */;
			productType = "com.apple.product-type.bundle.ui-testing";
		};
		4FC81A4826C41DC8006EABA8 /* ParetoSecurityTests */ = {
			isa = PBXNativeTarget;
			buildConfigurationList = 4FC81A4D26C41DC8006EABA8 /* Build configuration list for PBXNativeTarget "ParetoSecurityTests" */;
			buildPhases = (
				4FC81A4526C41DC8006EABA8 /* Sources */,
				4FC81A4626C41DC8006EABA8 /* Frameworks */,
				4FC81A4726C41DC8006EABA8 /* Resources */,
			);
			buildRules = (
			);
			dependencies = (
				4F080CE026C5084600686786 /* PBXTargetDependency */,
			);
			name = ParetoSecurityTests;
			packageProductDependencies = (
				4F84A94B26CBE4AE00A1579D /* ViewInspector */,
			);
			productName = ParetoSecurityTests;
			productReference = 4FC81A4926C41DC8006EABA8 /* ParetoSecurityTests.xctest */;
			productType = "com.apple.product-type.bundle.unit-test";
		};
		4FEBA2ED269CD48F009B2469 /* Pareto Security */ = {
			isa = PBXNativeTarget;
			buildConfigurationList = 4FEBA2FE269CD48F009B2469 /* Build configuration list for PBXNativeTarget "Pareto Security" */;
			buildPhases = (
				4FEBA2EA269CD48F009B2469 /* Sources */,
				4FEBA2EB269CD48F009B2469 /* Frameworks */,
				4FEBA2EC269CD48F009B2469 /* Resources */,
				4F103013269F1D45008C1E86 /* Bundle run at login */,
				4F103014269F28DE008C1E86 /* + build number */,
			);
			buildRules = (
			);
			dependencies = (
			);
			name = "Pareto Security";
			packageProductDependencies = (
				4F103011269F1C65008C1E86 /* LaunchAtLogin */,
				4F6A0E1226CE608C003B00A3 /* Defaults */,
				4F14487626D8EB2E00A5BA34 /* Version */,
				4F14487926D8EB7A00A5BA34 /* Path */,
				4FF515C026F7B362008D135E /* Alamofire */,
				4F1AE88A26F9FC150084A381 /* SwiftSocket */,
				4F196CD52714B51900A2A7B8 /* JWTDecode */,
			);
			productName = Pareto;
			productReference = 4FEBA2EE269CD48F009B2469 /* Pareto Security.app */;
			productType = "com.apple.product-type.application";
		};
/* End PBXNativeTarget section */

/* Begin PBXProject section */
		4FEBA2E6269CD48F009B2469 /* Project object */ = {
			isa = PBXProject;
			attributes = {
				LastSwiftUpdateCheck = 1300;
				LastUpgradeCheck = 1300;
				TargetAttributes = {
					4F6A92EE26C555C6006C2F2D = {
						CreatedOnToolsVersion = 13.0;
						TestTargetID = 4FEBA2ED269CD48F009B2469;
					};
					4FC81A4826C41DC8006EABA8 = {
						CreatedOnToolsVersion = 13.0;
						TestTargetID = 4FEBA2ED269CD48F009B2469;
					};
					4FEBA2ED269CD48F009B2469 = {
						CreatedOnToolsVersion = 12.5.1;
					};
				};
			};
			buildConfigurationList = 4FEBA2E9269CD48F009B2469 /* Build configuration list for PBXProject "Pareto Security" */;
			compatibilityVersion = "Xcode 9.3";
			developmentRegion = en;
			hasScannedForEncodings = 0;
			knownRegions = (
				en,
				Base,
			);
			mainGroup = 4FEBA2E5269CD48F009B2469;
			packageReferences = (
				4F103010269F1C65008C1E86 /* XCRemoteSwiftPackageReference "LaunchAtLogin" */,
				4F84A94A26CBE4AE00A1579D /* XCRemoteSwiftPackageReference "ViewInspector" */,
				4F6A0E1126CE608C003B00A3 /* XCRemoteSwiftPackageReference "Defaults" */,
				4F14487526D8EB2E00A5BA34 /* XCRemoteSwiftPackageReference "Version" */,
				4F14487826D8EB7A00A5BA34 /* XCRemoteSwiftPackageReference "Path.swift" */,
				4FF515BF26F7B362008D135E /* XCRemoteSwiftPackageReference "Alamofire" */,
				4F1AE88926F9FC150084A381 /* XCRemoteSwiftPackageReference "SwiftSocket" */,
				4F196CD42714B51900A2A7B8 /* XCRemoteSwiftPackageReference "JWTDecode.swift" */,
			);
			productRefGroup = 4FEBA2EF269CD48F009B2469 /* Products */;
			projectDirPath = "";
			projectRoot = "";
			targets = (
				4FEBA2ED269CD48F009B2469 /* Pareto Security */,
				4FC81A4826C41DC8006EABA8 /* ParetoSecurityTests */,
				4F6A92EE26C555C6006C2F2D /* ParetoSecurityUITests */,
			);
		};
/* End PBXProject section */

/* Begin PBXResourcesBuildPhase section */
		4F6A92ED26C555C6006C2F2D /* Resources */ = {
			isa = PBXResourcesBuildPhase;
			buildActionMask = 2147483647;
			files = (
			);
			runOnlyForDeploymentPostprocessing = 0;
		};
		4FC81A4726C41DC8006EABA8 /* Resources */ = {
			isa = PBXResourcesBuildPhase;
			buildActionMask = 2147483647;
			files = (
			);
			runOnlyForDeploymentPostprocessing = 0;
		};
		4FEBA2EC269CD48F009B2469 /* Resources */ = {
			isa = PBXResourcesBuildPhase;
			buildActionMask = 2147483647;
			files = (
				4FEBA2F9269CD48F009B2469 /* Preview Assets.xcassets in Resources */,
				4FEBA2F6269CD48F009B2469 /* Assets.xcassets in Resources */,
			);
			runOnlyForDeploymentPostprocessing = 0;
		};
/* End PBXResourcesBuildPhase section */

/* Begin PBXShellScriptBuildPhase section */
		4F103013269F1D45008C1E86 /* Bundle run at login */ = {
			isa = PBXShellScriptBuildPhase;
			buildActionMask = 2147483647;
			files = (
			);
			inputFileListPaths = (
			);
			inputPaths = (
			);
			name = "Bundle run at login";
			outputFileListPaths = (
			);
			outputPaths = (
			);
			runOnlyForDeploymentPostprocessing = 0;
			shellPath = /bin/sh;
			shellScript = "# Type a script or drag a script file from your workspace to insert its path.\n\"${BUILT_PRODUCTS_DIR}/LaunchAtLogin_LaunchAtLogin.bundle/Contents/Resources/copy-helper-swiftpm.sh\"\n";
		};
		4F103014269F28DE008C1E86 /* + build number */ = {
			isa = PBXShellScriptBuildPhase;
			buildActionMask = 2147483647;
			files = (
			);
			inputFileListPaths = (
			);
			inputPaths = (
			);
			name = "+ build number";
			outputFileListPaths = (
			);
			outputPaths = (
			);
			runOnlyForDeploymentPostprocessing = 0;
			shellPath = /bin/sh;
			shellScript = "# Type a script or drag a script file from your workspace to insert its path.\nbuildNumber=$(/usr/libexec/PlistBuddy -c \"Print CFBundleVersion\" \"${PROJECT_DIR}/${INFOPLIST_FILE}\")\nbuildNumber=$(($buildNumber + 1))\n/usr/libexec/PlistBuddy -c \"Set :CFBundleVersion $buildNumber\" \"${PROJECT_DIR}/${INFOPLIST_FILE}\"\n";
		};
/* End PBXShellScriptBuildPhase section */

/* Begin PBXSourcesBuildPhase section */
		4F6A92EB26C555C6006C2F2D /* Sources */ = {
			isa = PBXSourcesBuildPhase;
			buildActionMask = 2147483647;
			files = (
				4F6A92F226C555C6006C2F2D /* ParetoSecurityUITests.swift in Sources */,
			);
			runOnlyForDeploymentPostprocessing = 0;
		};
		4FC81A4526C41DC8006EABA8 /* Sources */ = {
			isa = PBXSourcesBuildPhase;
			buildActionMask = 2147483647;
			files = (
				4F84A94426CBBA6900A1579D /* SettingsTests.swift in Sources */,
				4F57135326F8A6AC004B4359 /* LicenseTest.swift in Sources */,
				4F57135526F8ACCC004B4359 /* WelcomeTest.swift in Sources */,
				4F57135726F8BF84004B4359 /* ParetoAppTest.swift in Sources */,
				4F57135D26F8C921004B4359 /* TeamsTest.swift in Sources */,
				4FF13D9D26DE235700E4084E /* UpdaterTest.swift in Sources */,
				4F080D1D26C50D2800686786 /* ParetoSecurityTests.swift in Sources */,
				4F6A92E626C521BE006C2F2D /* CheckIntegrationTest.swift in Sources */,
			);
			runOnlyForDeploymentPostprocessing = 0;
		};
		4FEBA2EA269CD48F009B2469 /* Sources */ = {
			isa = PBXSourcesBuildPhase;
			buildActionMask = 2147483647;
			files = (
				4FB0416126F71CC0003657BE /* ButtonStyle.swift in Sources */,
				4F5E888026A053A9005271FB /* ParetoCheck.swift in Sources */,
				4F35395726E8AE02008F5DD3 /* RemoteLogin.swift in Sources */,
				4FEBA304269CD4E0009B2469 /* StatusBarController.swift in Sources */,
				4F6A0E0E26CE484A003B00A3 /* PrinterSharingCheck.swift in Sources */,
				4F6A0E1026CE4868003B00A3 /* FileSharingCheck.swift in Sources */,
				4F24A09026EB735F0036F748 /* TeamSettings.swift in Sources */,
				4F81C10826EB5D270065F548 /* URL.swift in Sources */,
				4F5B20C3270316DB0015642A /* NetworkHandler.swift in Sources */,
				4FB7C67D26AFF1AB00FB1C41 /* Log.swift in Sources */,
				4FF13D9726DCCB9900E4084E /* Utils.swift in Sources */,
				4F14487426D8EA5E00A5BA34 /* Updater.swift in Sources */,
				4F868DCF26A591E6005B876E /* Firewall.swift in Sources */,
				4F9791C126F5DB4F00E668F4 /* Color.swift in Sources */,
				4F24A08E26EB734A0036F748 /* LicenseSettingsView.swift in Sources */,
				4F35395526E8AD4C008F5DD3 /* RemoteManagment.swift in Sources */,
				4FB7C68126AFF25300FB1C41 /* Date.swift in Sources */,
				4F343A5F26F7A3D4007D2F7D /* Teams.swift in Sources */,
				4FB405EF26A6FC4800267D5D /* ScreensaverPassword.swift in Sources */,
				4F47221026B08A0E0071CE2A /* Defaults.swift in Sources */,
				4F868DD126A5C51C005B876E /* Autologin.swift in Sources */,
				4F1AE89026F9FFA60084A381 /* MediaShare.swift in Sources */,
				4FEBA2F2269CD48F009B2469 /* ParetoApp.swift in Sources */,
				4FF22A6526F0CFA500500213 /* Flags.swift in Sources */,
				4F84A94926CBE21300A1579D /* PasswordFromLock.swift in Sources */,
				4F14487C26D8EDB000A5BA34 /* Bundle.swift in Sources */,
				4F8B01B226F4A6CB00EDE14B /* WelcomeView.swift in Sources */,
				4F5B20C127030BEB0015642A /* OpenWiFi.swift in Sources */,
				4F6A92E826C52210006C2F2D /* IntegrationCheck.swift in Sources */,
				4F0371BC26CD00B700B35E43 /* Boot.swift in Sources */,
				4F3EF24326CA859500841375 /* Claim.swift in Sources */,
				4F24A09426EB73C80036F748 /* ChecksSettingsView.swift in Sources */,
				4F24A09226EB73980036F748 /* AboutSettingsView.swift in Sources */,
				4FB7C68D26AFFD2600FB1C41 /* FileVault.swift in Sources */,
				4F103008269EE136008C1E86 /* SettingsView.swift in Sources */,
				4F1AE89226FA026D0084A381 /* AirPlay.swift in Sources */,
				4F868DD326A5C751005B876E /* Screensaver.swift in Sources */,
				4F84531226D638C0007C3B04 /* NSBackgroundActivityScheduler.swift in Sources */,
				4FD0A24126A024440070BED4 /* Gatekeeper.swift in Sources */,
				4F24A09626EB73F30036F748 /* GeneralSettingsView.swift in Sources */,
				4F57135B26F8C5D7004B4359 /* AppHandlers.swift in Sources */,
				4F84531026D634E5007C3B04 /* NSWorkspace.swift in Sources */,
				4FB7C68726AFF29A00FB1C41 /* NSImage.swift in Sources */,
				4F6A92EA26C54AB7006C2F2D /* AppInfo.swift in Sources */,
				4FDAD88F26EB784A00F64E61 /* License.swift in Sources */,
			);
			runOnlyForDeploymentPostprocessing = 0;
		};
/* End PBXSourcesBuildPhase section */

/* Begin PBXTargetDependency section */
		4F080CE026C5084600686786 /* PBXTargetDependency */ = {
			isa = PBXTargetDependency;
			target = 4FEBA2ED269CD48F009B2469 /* Pareto Security */;
			targetProxy = 4F080CDF26C5084600686786 /* PBXContainerItemProxy */;
		};
		4F6A92F426C555C6006C2F2D /* PBXTargetDependency */ = {
			isa = PBXTargetDependency;
			target = 4FEBA2ED269CD48F009B2469 /* Pareto Security */;
			targetProxy = 4F6A92F326C555C6006C2F2D /* PBXContainerItemProxy */;
		};
/* End PBXTargetDependency section */

/* Begin XCBuildConfiguration section */
		4F6A92F626C555C6006C2F2D /* Debug */ = {
			isa = XCBuildConfiguration;
			buildSettings = {
				CLANG_CXX_LANGUAGE_STANDARD = "gnu++17";
				CODE_SIGN_IDENTITY = "Apple Development";
				CODE_SIGN_STYLE = Automatic;
				COMBINE_HIDPI_IMAGES = YES;
				CURRENT_PROJECT_VERSION = 1;
				DEVELOPMENT_TEAM = PM784W7B8X;
				GENERATE_INFOPLIST_FILE = YES;
				LD_RUNPATH_SEARCH_PATHS = (
					"$(inherited)",
					"@executable_path/../Frameworks",
					"@loader_path/../Frameworks",
				);
				MACOSX_DEPLOYMENT_TARGET = 11.0;
				MARKETING_VERSION = 1.0;
				PRODUCT_BUNDLE_IDENTIFIER = niteo.co.ParetoSecurityUITests;
				PRODUCT_NAME = "$(TARGET_NAME)";
				SWIFT_EMIT_LOC_STRINGS = NO;
				SWIFT_VERSION = 5.0;
				TEST_TARGET_NAME = "Pareto Security";
			};
			name = Debug;
		};
		4F6A92F726C555C6006C2F2D /* Release */ = {
			isa = XCBuildConfiguration;
			buildSettings = {
				CLANG_CXX_LANGUAGE_STANDARD = "gnu++17";
				CODE_SIGN_IDENTITY = "Apple Development";
				CODE_SIGN_STYLE = Automatic;
				COMBINE_HIDPI_IMAGES = YES;
				CURRENT_PROJECT_VERSION = 1;
				DEVELOPMENT_TEAM = PM784W7B8X;
				GENERATE_INFOPLIST_FILE = YES;
				LD_RUNPATH_SEARCH_PATHS = (
					"$(inherited)",
					"@executable_path/../Frameworks",
					"@loader_path/../Frameworks",
				);
				MACOSX_DEPLOYMENT_TARGET = 11.0;
				MARKETING_VERSION = 1.0;
				PRODUCT_BUNDLE_IDENTIFIER = niteo.co.ParetoSecurityUITests;
				PRODUCT_NAME = "$(TARGET_NAME)";
				SWIFT_EMIT_LOC_STRINGS = NO;
				SWIFT_VERSION = 5.0;
				TEST_TARGET_NAME = "Pareto Security";
			};
			name = Release;
		};
		4FC81A4E26C41DC8006EABA8 /* Debug */ = {
			isa = XCBuildConfiguration;
			buildSettings = {
				BUNDLE_LOADER = "$(TEST_HOST)";
				CLANG_CXX_LANGUAGE_STANDARD = "gnu++17";
				CODE_SIGN_IDENTITY = "Apple Development";
				CODE_SIGN_STYLE = Automatic;
				COMBINE_HIDPI_IMAGES = YES;
				CURRENT_PROJECT_VERSION = 1;
				DEVELOPMENT_TEAM = PM784W7B8X;
				GENERATE_INFOPLIST_FILE = YES;
				LD_RUNPATH_SEARCH_PATHS = (
					"$(inherited)",
					"@executable_path/../Frameworks",
					"@loader_path/../Frameworks",
				);
				MACOSX_DEPLOYMENT_TARGET = 11.0;
				MARKETING_VERSION = 1.0;
				PRODUCT_BUNDLE_IDENTIFIER = niteo.co.ParetoSecurityTests;
				PRODUCT_NAME = "$(TARGET_NAME)";
				SWIFT_EMIT_LOC_STRINGS = NO;
				SWIFT_VERSION = 5.0;
				TEST_HOST = "$(BUILT_PRODUCTS_DIR)/Pareto Security.app/Contents/MacOS/Pareto Security";
			};
			name = Debug;
		};
		4FC81A4F26C41DC8006EABA8 /* Release */ = {
			isa = XCBuildConfiguration;
			buildSettings = {
				BUNDLE_LOADER = "$(TEST_HOST)";
				CLANG_CXX_LANGUAGE_STANDARD = "gnu++17";
				CODE_SIGN_IDENTITY = "Apple Development";
				CODE_SIGN_STYLE = Automatic;
				COMBINE_HIDPI_IMAGES = YES;
				CURRENT_PROJECT_VERSION = 1;
				DEVELOPMENT_TEAM = PM784W7B8X;
				GENERATE_INFOPLIST_FILE = YES;
				LD_RUNPATH_SEARCH_PATHS = (
					"$(inherited)",
					"@executable_path/../Frameworks",
					"@loader_path/../Frameworks",
				);
				MACOSX_DEPLOYMENT_TARGET = 11.0;
				MARKETING_VERSION = 1.0;
				PRODUCT_BUNDLE_IDENTIFIER = niteo.co.ParetoSecurityTests;
				PRODUCT_NAME = "$(TARGET_NAME)";
				SWIFT_EMIT_LOC_STRINGS = NO;
				SWIFT_VERSION = 5.0;
				TEST_HOST = "$(BUILT_PRODUCTS_DIR)/Pareto Security.app/Contents/MacOS/Pareto Security";
			};
			name = Release;
		};
		4FEBA2FC269CD48F009B2469 /* Debug */ = {
			isa = XCBuildConfiguration;
			buildSettings = {
				ALWAYS_SEARCH_USER_PATHS = NO;
				CLANG_ANALYZER_NONNULL = YES;
				CLANG_ANALYZER_NUMBER_OBJECT_CONVERSION = YES_AGGRESSIVE;
				CLANG_CXX_LANGUAGE_STANDARD = "gnu++14";
				CLANG_CXX_LIBRARY = "libc++";
				CLANG_ENABLE_MODULES = YES;
				CLANG_ENABLE_OBJC_ARC = YES;
				CLANG_ENABLE_OBJC_WEAK = YES;
				CLANG_WARN_BLOCK_CAPTURE_AUTORELEASING = YES;
				CLANG_WARN_BOOL_CONVERSION = YES;
				CLANG_WARN_COMMA = YES;
				CLANG_WARN_CONSTANT_CONVERSION = YES;
				CLANG_WARN_DEPRECATED_OBJC_IMPLEMENTATIONS = YES;
				CLANG_WARN_DIRECT_OBJC_ISA_USAGE = YES_ERROR;
				CLANG_WARN_DOCUMENTATION_COMMENTS = YES;
				CLANG_WARN_EMPTY_BODY = YES;
				CLANG_WARN_ENUM_CONVERSION = YES;
				CLANG_WARN_INFINITE_RECURSION = YES;
				CLANG_WARN_INT_CONVERSION = YES;
				CLANG_WARN_NON_LITERAL_NULL_CONVERSION = YES;
				CLANG_WARN_OBJC_IMPLICIT_RETAIN_SELF = YES;
				CLANG_WARN_OBJC_LITERAL_CONVERSION = YES;
				CLANG_WARN_OBJC_ROOT_CLASS = YES_ERROR;
				CLANG_WARN_QUOTED_INCLUDE_IN_FRAMEWORK_HEADER = YES;
				CLANG_WARN_RANGE_LOOP_ANALYSIS = YES;
				CLANG_WARN_STRICT_PROTOTYPES = YES;
				CLANG_WARN_SUSPICIOUS_MOVE = YES;
				CLANG_WARN_UNGUARDED_AVAILABILITY = YES_AGGRESSIVE;
				CLANG_WARN_UNREACHABLE_CODE = YES;
				CLANG_WARN__DUPLICATE_METHOD_MATCH = YES;
				COPY_PHASE_STRIP = NO;
				DEBUG_INFORMATION_FORMAT = dwarf;
				ENABLE_STRICT_OBJC_MSGSEND = YES;
				ENABLE_TESTABILITY = YES;
				GCC_C_LANGUAGE_STANDARD = gnu11;
				GCC_DYNAMIC_NO_PIC = NO;
				GCC_NO_COMMON_BLOCKS = YES;
				GCC_OPTIMIZATION_LEVEL = 0;
				GCC_PREPROCESSOR_DEFINITIONS = (
					"DEBUG=1",
					"$(inherited)",
				);
				GCC_WARN_64_TO_32_BIT_CONVERSION = YES;
				GCC_WARN_ABOUT_RETURN_TYPE = YES_ERROR;
				GCC_WARN_UNDECLARED_SELECTOR = YES;
				GCC_WARN_UNINITIALIZED_AUTOS = YES_AGGRESSIVE;
				GCC_WARN_UNUSED_FUNCTION = YES;
				GCC_WARN_UNUSED_VARIABLE = YES;
				MACOSX_DEPLOYMENT_TARGET = 11.0;
				MTL_ENABLE_DEBUG_INFO = INCLUDE_SOURCE;
				MTL_FAST_MATH = YES;
				ONLY_ACTIVE_ARCH = YES;
				OTHER_SWIFT_FLAGS = "";
				SDKROOT = macosx;
				SWIFT_ACTIVE_COMPILATION_CONDITIONS = DEBUG;
				SWIFT_OPTIMIZATION_LEVEL = "-Onone";
				SWIFT_VERSION = 5.0;
			};
			name = Debug;
		};
		4FEBA2FD269CD48F009B2469 /* Release */ = {
			isa = XCBuildConfiguration;
			buildSettings = {
				ALWAYS_SEARCH_USER_PATHS = NO;
				CLANG_ANALYZER_NONNULL = YES;
				CLANG_ANALYZER_NUMBER_OBJECT_CONVERSION = YES_AGGRESSIVE;
				CLANG_CXX_LANGUAGE_STANDARD = "gnu++14";
				CLANG_CXX_LIBRARY = "libc++";
				CLANG_ENABLE_MODULES = YES;
				CLANG_ENABLE_OBJC_ARC = YES;
				CLANG_ENABLE_OBJC_WEAK = YES;
				CLANG_WARN_BLOCK_CAPTURE_AUTORELEASING = YES;
				CLANG_WARN_BOOL_CONVERSION = YES;
				CLANG_WARN_COMMA = YES;
				CLANG_WARN_CONSTANT_CONVERSION = YES;
				CLANG_WARN_DEPRECATED_OBJC_IMPLEMENTATIONS = YES;
				CLANG_WARN_DIRECT_OBJC_ISA_USAGE = YES_ERROR;
				CLANG_WARN_DOCUMENTATION_COMMENTS = YES;
				CLANG_WARN_EMPTY_BODY = YES;
				CLANG_WARN_ENUM_CONVERSION = YES;
				CLANG_WARN_INFINITE_RECURSION = YES;
				CLANG_WARN_INT_CONVERSION = YES;
				CLANG_WARN_NON_LITERAL_NULL_CONVERSION = YES;
				CLANG_WARN_OBJC_IMPLICIT_RETAIN_SELF = YES;
				CLANG_WARN_OBJC_LITERAL_CONVERSION = YES;
				CLANG_WARN_OBJC_ROOT_CLASS = YES_ERROR;
				CLANG_WARN_QUOTED_INCLUDE_IN_FRAMEWORK_HEADER = YES;
				CLANG_WARN_RANGE_LOOP_ANALYSIS = YES;
				CLANG_WARN_STRICT_PROTOTYPES = YES;
				CLANG_WARN_SUSPICIOUS_MOVE = YES;
				CLANG_WARN_UNGUARDED_AVAILABILITY = YES_AGGRESSIVE;
				CLANG_WARN_UNREACHABLE_CODE = YES;
				CLANG_WARN__DUPLICATE_METHOD_MATCH = YES;
				COPY_PHASE_STRIP = NO;
				DEBUG_INFORMATION_FORMAT = "dwarf-with-dsym";
				ENABLE_NS_ASSERTIONS = NO;
				ENABLE_STRICT_OBJC_MSGSEND = YES;
				GCC_C_LANGUAGE_STANDARD = gnu11;
				GCC_NO_COMMON_BLOCKS = YES;
				GCC_WARN_64_TO_32_BIT_CONVERSION = YES;
				GCC_WARN_ABOUT_RETURN_TYPE = YES_ERROR;
				GCC_WARN_UNDECLARED_SELECTOR = YES;
				GCC_WARN_UNINITIALIZED_AUTOS = YES_AGGRESSIVE;
				GCC_WARN_UNUSED_FUNCTION = YES;
				GCC_WARN_UNUSED_VARIABLE = YES;
				MACOSX_DEPLOYMENT_TARGET = 11.0;
				MTL_ENABLE_DEBUG_INFO = NO;
				MTL_FAST_MATH = YES;
				OTHER_SWIFT_FLAGS = "";
				SDKROOT = macosx;
				SWIFT_COMPILATION_MODE = wholemodule;
				SWIFT_OPTIMIZATION_LEVEL = "-O";
				SWIFT_VERSION = 5.0;
			};
			name = Release;
		};
		4FEBA2FF269CD48F009B2469 /* Debug */ = {
			isa = XCBuildConfiguration;
			buildSettings = {
				ASSETCATALOG_COMPILER_APPICON_NAME = AppIcon;
				ASSETCATALOG_COMPILER_GLOBAL_ACCENT_COLOR_NAME = AccentColor;
				ASSETCATALOG_COMPILER_INCLUDE_ALL_APPICON_ASSETS = NO;
				CLANG_USE_OPTIMIZATION_PROFILE = YES;
				CODE_SIGN_ENTITLEMENTS = Pareto/Pareto.entitlements;
				CODE_SIGN_IDENTITY = "Apple Development";
				CODE_SIGN_STYLE = Automatic;
				COMBINE_HIDPI_IMAGES = YES;
				DEVELOPMENT_ASSET_PATHS = "\"Pareto/Preview Content\"";
				DEVELOPMENT_TEAM = PM784W7B8X;
				ENABLE_HARDENED_RUNTIME = YES;
				ENABLE_PREVIEWS = YES;
				INFOPLIST_FILE = Pareto/Info.plist;
				LD_RUNPATH_SEARCH_PATHS = (
					"$(inherited)",
					"@executable_path/../Frameworks",
				);
				MACOSX_DEPLOYMENT_TARGET = 11.0;
				MARKETING_VERSION = 0.0.17;
				PRODUCT_BUNDLE_IDENTIFIER = niteo.co.Pareto;
				PRODUCT_NAME = "$(TARGET_NAME)";
				PROVISIONING_PROFILE_SPECIFIER = "";
				SWIFT_VERSION = 5.0;
			};
			name = Debug;
		};
		4FEBA300269CD48F009B2469 /* Release */ = {
			isa = XCBuildConfiguration;
			buildSettings = {
				ASSETCATALOG_COMPILER_APPICON_NAME = AppIcon;
				ASSETCATALOG_COMPILER_GLOBAL_ACCENT_COLOR_NAME = AccentColor;
				ASSETCATALOG_COMPILER_INCLUDE_ALL_APPICON_ASSETS = NO;
				CLANG_USE_OPTIMIZATION_PROFILE = YES;
				CODE_SIGN_ENTITLEMENTS = Pareto/Pareto.entitlements;
				CODE_SIGN_IDENTITY = "Apple Development";
				CODE_SIGN_STYLE = Automatic;
				COMBINE_HIDPI_IMAGES = YES;
				DEVELOPMENT_ASSET_PATHS = "\"Pareto/Preview Content\"";
				DEVELOPMENT_TEAM = PM784W7B8X;
				ENABLE_HARDENED_RUNTIME = YES;
				ENABLE_PREVIEWS = YES;
				INFOPLIST_FILE = Pareto/Info.plist;
				LD_RUNPATH_SEARCH_PATHS = (
					"$(inherited)",
					"@executable_path/../Frameworks",
				);
				MACOSX_DEPLOYMENT_TARGET = 11.0;
				MARKETING_VERSION = 0.0.17;
				PRODUCT_BUNDLE_IDENTIFIER = niteo.co.Pareto;
				PRODUCT_NAME = "$(TARGET_NAME)";
				PROVISIONING_PROFILE_SPECIFIER = "";
				SWIFT_VERSION = 5.0;
			};
			name = Release;
		};
/* End XCBuildConfiguration section */

/* Begin XCConfigurationList section */
		4F6A92F526C555C6006C2F2D /* Build configuration list for PBXNativeTarget "ParetoSecurityUITests" */ = {
			isa = XCConfigurationList;
			buildConfigurations = (
				4F6A92F626C555C6006C2F2D /* Debug */,
				4F6A92F726C555C6006C2F2D /* Release */,
			);
			defaultConfigurationIsVisible = 0;
			defaultConfigurationName = Release;
		};
		4FC81A4D26C41DC8006EABA8 /* Build configuration list for PBXNativeTarget "ParetoSecurityTests" */ = {
			isa = XCConfigurationList;
			buildConfigurations = (
				4FC81A4E26C41DC8006EABA8 /* Debug */,
				4FC81A4F26C41DC8006EABA8 /* Release */,
			);
			defaultConfigurationIsVisible = 0;
			defaultConfigurationName = Release;
		};
		4FEBA2E9269CD48F009B2469 /* Build configuration list for PBXProject "Pareto Security" */ = {
			isa = XCConfigurationList;
			buildConfigurations = (
				4FEBA2FC269CD48F009B2469 /* Debug */,
				4FEBA2FD269CD48F009B2469 /* Release */,
			);
			defaultConfigurationIsVisible = 0;
			defaultConfigurationName = Release;
		};
		4FEBA2FE269CD48F009B2469 /* Build configuration list for PBXNativeTarget "Pareto Security" */ = {
			isa = XCConfigurationList;
			buildConfigurations = (
				4FEBA2FF269CD48F009B2469 /* Debug */,
				4FEBA300269CD48F009B2469 /* Release */,
			);
			defaultConfigurationIsVisible = 0;
			defaultConfigurationName = Release;
		};
/* End XCConfigurationList section */

/* Begin XCRemoteSwiftPackageReference section */
		4F103010269F1C65008C1E86 /* XCRemoteSwiftPackageReference "LaunchAtLogin" */ = {
			isa = XCRemoteSwiftPackageReference;
			repositoryURL = "https://github.com/sindresorhus/LaunchAtLogin";
			requirement = {
				branch = main;
				kind = branch;
			};
		};
		4F14487526D8EB2E00A5BA34 /* XCRemoteSwiftPackageReference "Version" */ = {
			isa = XCRemoteSwiftPackageReference;
			repositoryURL = "https://github.com/mxcl/Version.git";
			requirement = {
				kind = upToNextMajorVersion;
				minimumVersion = 2.0.0;
			};
		};
		4F14487826D8EB7A00A5BA34 /* XCRemoteSwiftPackageReference "Path.swift" */ = {
			isa = XCRemoteSwiftPackageReference;
			repositoryURL = "https://github.com/mxcl/Path.swift.git";
			requirement = {
				kind = upToNextMajorVersion;
				minimumVersion = 1.0.0;
			};
		};
		4F196CD42714B51900A2A7B8 /* XCRemoteSwiftPackageReference "JWTDecode.swift" */ = {
			isa = XCRemoteSwiftPackageReference;
			repositoryURL = "https://github.com/auth0/JWTDecode.swift.git";
			requirement = {
				kind = upToNextMinorVersion;
				minimumVersion = 2.6.0;
			};
		};
		4F1AE88926F9FC150084A381 /* XCRemoteSwiftPackageReference "SwiftSocket" */ = {
			isa = XCRemoteSwiftPackageReference;
			repositoryURL = "https://github.com/ParetoSecurity/SwiftSocket";
			requirement = {
				branch = spm;
				kind = branch;
			};
		};
		4F6A0E1126CE608C003B00A3 /* XCRemoteSwiftPackageReference "Defaults" */ = {
			isa = XCRemoteSwiftPackageReference;
			repositoryURL = "https://github.com/sindresorhus/Defaults";
			requirement = {
				kind = upToNextMajorVersion;
				minimumVersion = 5.0.0;
			};
		};
		4F84A94A26CBE4AE00A1579D /* XCRemoteSwiftPackageReference "ViewInspector" */ = {
			isa = XCRemoteSwiftPackageReference;
			repositoryURL = "https://github.com/nalexn/ViewInspector";
			requirement = {
				branch = master;
				kind = branch;
			};
		};
		4FF515BF26F7B362008D135E /* XCRemoteSwiftPackageReference "Alamofire" */ = {
			isa = XCRemoteSwiftPackageReference;
			repositoryURL = "https://github.com/Alamofire/Alamofire";
			requirement = {
				kind = upToNextMajorVersion;
				minimumVersion = 5.0.0;
			};
		};
/* End XCRemoteSwiftPackageReference section */

/* Begin XCSwiftPackageProductDependency section */
		4F103011269F1C65008C1E86 /* LaunchAtLogin */ = {
			isa = XCSwiftPackageProductDependency;
			package = 4F103010269F1C65008C1E86 /* XCRemoteSwiftPackageReference "LaunchAtLogin" */;
			productName = LaunchAtLogin;
		};
		4F14487626D8EB2E00A5BA34 /* Version */ = {
			isa = XCSwiftPackageProductDependency;
			package = 4F14487526D8EB2E00A5BA34 /* XCRemoteSwiftPackageReference "Version" */;
			productName = Version;
		};
		4F14487926D8EB7A00A5BA34 /* Path */ = {
			isa = XCSwiftPackageProductDependency;
			package = 4F14487826D8EB7A00A5BA34 /* XCRemoteSwiftPackageReference "Path.swift" */;
			productName = Path;
		};
		4F196CD52714B51900A2A7B8 /* JWTDecode */ = {
			isa = XCSwiftPackageProductDependency;
			package = 4F196CD42714B51900A2A7B8 /* XCRemoteSwiftPackageReference "JWTDecode.swift" */;
			productName = JWTDecode;
		};
		4F1AE88A26F9FC150084A381 /* SwiftSocket */ = {
			isa = XCSwiftPackageProductDependency;
			package = 4F1AE88926F9FC150084A381 /* XCRemoteSwiftPackageReference "SwiftSocket" */;
			productName = SwiftSocket;
		};
		4F6A0E1226CE608C003B00A3 /* Defaults */ = {
			isa = XCSwiftPackageProductDependency;
			package = 4F6A0E1126CE608C003B00A3 /* XCRemoteSwiftPackageReference "Defaults" */;
			productName = Defaults;
		};
		4F84A94B26CBE4AE00A1579D /* ViewInspector */ = {
			isa = XCSwiftPackageProductDependency;
			package = 4F84A94A26CBE4AE00A1579D /* XCRemoteSwiftPackageReference "ViewInspector" */;
			productName = ViewInspector;
		};
		4FF515C026F7B362008D135E /* Alamofire */ = {
			isa = XCSwiftPackageProductDependency;
			package = 4FF515BF26F7B362008D135E /* XCRemoteSwiftPackageReference "Alamofire" */;
			productName = Alamofire;
		};
/* End XCSwiftPackageProductDependency section */
	};
	rootObject = 4FEBA2E6269CD48F009B2469 /* Project object */;
}
