// !$*UTF8*$!
{
	archiveVersion = 1;
	classes = {
	};
	objectVersion = 52;
	objects = {

/* Begin PBXBuildFile section */
		4F103008269EE136008C1E86 /* SettingsView.swift in Sources */ = {isa = PBXBuildFile; fileRef = 4F103007269EE135008C1E86 /* SettingsView.swift */; };
		4F103012269F1C65008C1E86 /* LaunchAtLogin in Frameworks */ = {isa = PBXBuildFile; productRef = 4F103011269F1C65008C1E86 /* LaunchAtLogin */; };
		4F52D47B26A81CD900F1A904 /* VPNConnection.swift in Sources */ = {isa = PBXBuildFile; fileRef = 4F52D47A26A81CD900F1A904 /* VPNConnection.swift */; };
		4F52D48C26A81F1100F1A904 /* TestParetoCheck.swift in Sources */ = {isa = PBXBuildFile; fileRef = 4F52D47C26A81E0900F1A904 /* TestParetoCheck.swift */; };
		4F5E888026A053A9005271FB /* ParetoCheck.swift in Sources */ = {isa = PBXBuildFile; fileRef = 4F5E887F26A053A9005271FB /* ParetoCheck.swift */; };
		4F868DCF26A591E6005B876E /* Firewall.swift in Sources */ = {isa = PBXBuildFile; fileRef = 4F868DCE26A591E6005B876E /* Firewall.swift */; };
		4F868DD126A5C51C005B876E /* Autologin.swift in Sources */ = {isa = PBXBuildFile; fileRef = 4F868DD026A5C51C005B876E /* Autologin.swift */; };
		4F868DD326A5C751005B876E /* Screensaver.swift in Sources */ = {isa = PBXBuildFile; fileRef = 4F868DD226A5C751005B876E /* Screensaver.swift */; };
		4FB405EF26A6FC4800267D5D /* ScreensaverPassword.swift in Sources */ = {isa = PBXBuildFile; fileRef = 4FB405EE26A6FC4800267D5D /* ScreensaverPassword.swift */; };
		4FB405F126A70DCC00267D5D /* ZoomVersion.swift in Sources */ = {isa = PBXBuildFile; fileRef = 4FB405F026A70DCC00267D5D /* ZoomVersion.swift */; };
		4FB405F326A7140C00267D5D /* 1Password.swift in Sources */ = {isa = PBXBuildFile; fileRef = 4FB405F226A7140C00267D5D /* 1Password.swift */; };
		4FD0A24126A024440070BED4 /* Gatekeeper.swift in Sources */ = {isa = PBXBuildFile; fileRef = 4FD0A24026A024440070BED4 /* Gatekeeper.swift */; };
		4FEBA2F2269CD48F009B2469 /* ParetoApp.swift in Sources */ = {isa = PBXBuildFile; fileRef = 4FEBA2F1269CD48F009B2469 /* ParetoApp.swift */; };
		4FEBA2F6269CD48F009B2469 /* Assets.xcassets in Resources */ = {isa = PBXBuildFile; fileRef = 4FEBA2F5269CD48F009B2469 /* Assets.xcassets */; };
		4FEBA2F9269CD48F009B2469 /* Preview Assets.xcassets in Resources */ = {isa = PBXBuildFile; fileRef = 4FEBA2F8269CD48F009B2469 /* Preview Assets.xcassets */; };
		4FEBA304269CD4E0009B2469 /* StatusBarController.swift in Sources */ = {isa = PBXBuildFile; fileRef = 4FEBA303269CD4E0009B2469 /* StatusBarController.swift */; };
/* End PBXBuildFile section */

/* Begin PBXContainerItemProxy section */
		4F52D48726A81F0B00F1A904 /* PBXContainerItemProxy */ = {
			isa = PBXContainerItemProxy;
			containerPortal = 4FEBA2E6269CD48F009B2469 /* Project object */;
			proxyType = 1;
			remoteGlobalIDString = 4FEBA2ED269CD48F009B2469;
			remoteInfo = "Pareto Security";
		};
/* End PBXContainerItemProxy section */

/* Begin PBXFileReference section */
		4F103007269EE135008C1E86 /* SettingsView.swift */ = {isa = PBXFileReference; lastKnownFileType = sourcecode.swift; path = SettingsView.swift; sourceTree = "<group>"; };
		4F52D47A26A81CD900F1A904 /* VPNConnection.swift */ = {isa = PBXFileReference; lastKnownFileType = sourcecode.swift; path = VPNConnection.swift; sourceTree = "<group>"; };
		4F52D47C26A81E0900F1A904 /* TestParetoCheck.swift */ = {isa = PBXFileReference; lastKnownFileType = sourcecode.swift; path = TestParetoCheck.swift; sourceTree = "<group>"; };
		4F52D48226A81F0B00F1A904 /* ParetoTests.xctest */ = {isa = PBXFileReference; explicitFileType = wrapper.cfbundle; includeInIndex = 0; path = ParetoTests.xctest; sourceTree = BUILT_PRODUCTS_DIR; };
		4F52D48626A81F0B00F1A904 /* Info.plist */ = {isa = PBXFileReference; lastKnownFileType = text.plist.xml; path = Info.plist; sourceTree = "<group>"; };
		4F5E887F26A053A9005271FB /* ParetoCheck.swift */ = {isa = PBXFileReference; lastKnownFileType = sourcecode.swift; path = ParetoCheck.swift; sourceTree = "<group>"; };
		4F868DCE26A591E6005B876E /* Firewall.swift */ = {isa = PBXFileReference; lastKnownFileType = sourcecode.swift; path = Firewall.swift; sourceTree = "<group>"; };
		4F868DD026A5C51C005B876E /* Autologin.swift */ = {isa = PBXFileReference; lastKnownFileType = sourcecode.swift; path = Autologin.swift; sourceTree = "<group>"; };
		4F868DD226A5C751005B876E /* Screensaver.swift */ = {isa = PBXFileReference; lastKnownFileType = sourcecode.swift; path = Screensaver.swift; sourceTree = "<group>"; };
		4FB405EE26A6FC4800267D5D /* ScreensaverPassword.swift */ = {isa = PBXFileReference; lastKnownFileType = sourcecode.swift; path = ScreensaverPassword.swift; sourceTree = "<group>"; };
		4FB405F026A70DCC00267D5D /* ZoomVersion.swift */ = {isa = PBXFileReference; lastKnownFileType = sourcecode.swift; path = ZoomVersion.swift; sourceTree = "<group>"; };
		4FB405F226A7140C00267D5D /* 1Password.swift */ = {isa = PBXFileReference; lastKnownFileType = sourcecode.swift; path = 1Password.swift; sourceTree = "<group>"; };
		4FD0A24026A024440070BED4 /* Gatekeeper.swift */ = {isa = PBXFileReference; lastKnownFileType = sourcecode.swift; path = Gatekeeper.swift; sourceTree = "<group>"; };
		4FEBA2EE269CD48F009B2469 /* Pareto Security.app */ = {isa = PBXFileReference; explicitFileType = wrapper.application; includeInIndex = 0; path = "Pareto Security.app"; sourceTree = BUILT_PRODUCTS_DIR; };
		4FEBA2F1269CD48F009B2469 /* ParetoApp.swift */ = {isa = PBXFileReference; lastKnownFileType = sourcecode.swift; path = ParetoApp.swift; sourceTree = "<group>"; };
		4FEBA2F5269CD48F009B2469 /* Assets.xcassets */ = {isa = PBXFileReference; lastKnownFileType = folder.assetcatalog; path = Assets.xcassets; sourceTree = "<group>"; };
		4FEBA2F8269CD48F009B2469 /* Preview Assets.xcassets */ = {isa = PBXFileReference; lastKnownFileType = folder.assetcatalog; path = "Preview Assets.xcassets"; sourceTree = "<group>"; };
		4FEBA2FA269CD48F009B2469 /* Info.plist */ = {isa = PBXFileReference; lastKnownFileType = text.plist.xml; path = Info.plist; sourceTree = "<group>"; };
		4FEBA2FB269CD48F009B2469 /* Pareto.entitlements */ = {isa = PBXFileReference; lastKnownFileType = text.plist.entitlements; path = Pareto.entitlements; sourceTree = "<group>"; };
		4FEBA303269CD4E0009B2469 /* StatusBarController.swift */ = {isa = PBXFileReference; lastKnownFileType = sourcecode.swift; path = StatusBarController.swift; sourceTree = "<group>"; };
/* End PBXFileReference section */

/* Begin PBXFrameworksBuildPhase section */
		4F52D47F26A81F0B00F1A904 /* Frameworks */ = {
			isa = PBXFrameworksBuildPhase;
			buildActionMask = 2147483647;
			files = (
			);
			runOnlyForDeploymentPostprocessing = 0;
		};
		4FEBA2EB269CD48F009B2469 /* Frameworks */ = {
			isa = PBXFrameworksBuildPhase;
			buildActionMask = 2147483647;
			files = (
				4F103012269F1C65008C1E86 /* LaunchAtLogin in Frameworks */,
			);
			runOnlyForDeploymentPostprocessing = 0;
		};
/* End PBXFrameworksBuildPhase section */

/* Begin PBXGroup section */
		4F103006269EDB82008C1E86 /* Views */ = {
			isa = PBXGroup;
			children = (
				4F103007269EE135008C1E86 /* SettingsView.swift */,
			);
			path = Views;
			sourceTree = "<group>";
		};
		4F103009269F054C008C1E86 /* StatusBar */ = {
			isa = PBXGroup;
			children = (
				4FEBA303269CD4E0009B2469 /* StatusBarController.swift */,
			);
			path = StatusBar;
			sourceTree = "<group>";
		};
		4F10300A269F0568008C1E86 /* Checks */ = {
			isa = PBXGroup;
			children = (
				4F868DD226A5C751005B876E /* Screensaver.swift */,
				4FD0A24026A024440070BED4 /* Gatekeeper.swift */,
				4F868DCE26A591E6005B876E /* Firewall.swift */,
				4FB405F026A70DCC00267D5D /* ZoomVersion.swift */,
				4F868DD026A5C51C005B876E /* Autologin.swift */,
				4FB405EE26A6FC4800267D5D /* ScreensaverPassword.swift */,
				4FB405F226A7140C00267D5D /* 1Password.swift */,
				4F52D47A26A81CD900F1A904 /* VPNConnection.swift */,
			);
			path = Checks;
			sourceTree = "<group>";
		};
		4F52D48326A81F0B00F1A904 /* ParetoTests */ = {
			isa = PBXGroup;
			children = (
				4F52D47C26A81E0900F1A904 /* TestParetoCheck.swift */,
				4F52D48626A81F0B00F1A904 /* Info.plist */,
			);
			path = ParetoTests;
			sourceTree = "<group>";
		};
		4FEBA2E5269CD48F009B2469 = {
			isa = PBXGroup;
			children = (
				4FEBA2F0269CD48F009B2469 /* Pareto */,
				4F52D48326A81F0B00F1A904 /* ParetoTests */,
				4FEBA2EF269CD48F009B2469 /* Products */,
			);
			sourceTree = "<group>";
		};
		4FEBA2EF269CD48F009B2469 /* Products */ = {
			isa = PBXGroup;
			children = (
				4FEBA2EE269CD48F009B2469 /* Pareto Security.app */,
				4F52D48226A81F0B00F1A904 /* ParetoTests.xctest */,
			);
			name = Products;
			sourceTree = "<group>";
		};
		4FEBA2F0269CD48F009B2469 /* Pareto */ = {
			isa = PBXGroup;
			children = (
				4F5E887F26A053A9005271FB /* ParetoCheck.swift */,
				4F10300A269F0568008C1E86 /* Checks */,
				4F103009269F054C008C1E86 /* StatusBar */,
				4F103006269EDB82008C1E86 /* Views */,
				4FEBA2F1269CD48F009B2469 /* ParetoApp.swift */,
				4FEBA2F5269CD48F009B2469 /* Assets.xcassets */,
				4FEBA2FA269CD48F009B2469 /* Info.plist */,
				4FEBA2FB269CD48F009B2469 /* Pareto.entitlements */,
				4FEBA2F7269CD48F009B2469 /* Preview Content */,
			);
			path = Pareto;
			sourceTree = "<group>";
		};
		4FEBA2F7269CD48F009B2469 /* Preview Content */ = {
			isa = PBXGroup;
			children = (
				4FEBA2F8269CD48F009B2469 /* Preview Assets.xcassets */,
			);
			path = "Preview Content";
			sourceTree = "<group>";
		};
/* End PBXGroup section */

/* Begin PBXNativeTarget section */
		4F52D48126A81F0B00F1A904 /* ParetoTests */ = {
			isa = PBXNativeTarget;
			buildConfigurationList = 4F52D48926A81F0B00F1A904 /* Build configuration list for PBXNativeTarget "ParetoTests" */;
			buildPhases = (
				4F52D47E26A81F0B00F1A904 /* Sources */,
				4F52D47F26A81F0B00F1A904 /* Frameworks */,
				4F52D48026A81F0B00F1A904 /* Resources */,
			);
			buildRules = (
			);
			dependencies = (
				4F52D48826A81F0B00F1A904 /* PBXTargetDependency */,
			);
			name = ParetoTests;
			productName = ParetoTests;
			productReference = 4F52D48226A81F0B00F1A904 /* ParetoTests.xctest */;
			productType = "com.apple.product-type.bundle.unit-test";
		};
		4FEBA2ED269CD48F009B2469 /* Pareto Security */ = {
			isa = PBXNativeTarget;
			buildConfigurationList = 4FEBA2FE269CD48F009B2469 /* Build configuration list for PBXNativeTarget "Pareto Security" */;
			buildPhases = (
				4FEBA2EA269CD48F009B2469 /* Sources */,
				4FEBA2EB269CD48F009B2469 /* Frameworks */,
				4FEBA2EC269CD48F009B2469 /* Resources */,
				4F103013269F1D45008C1E86 /* Bundle run at login */,
				4F103014269F28DE008C1E86 /* + build number */,
			);
			buildRules = (
			);
			dependencies = (
			);
			name = "Pareto Security";
			packageProductDependencies = (
				4F103011269F1C65008C1E86 /* LaunchAtLogin */,
			);
			productName = Pareto;
			productReference = 4FEBA2EE269CD48F009B2469 /* Pareto Security.app */;
			productType = "com.apple.product-type.application";
		};
/* End PBXNativeTarget section */

/* Begin PBXProject section */
		4FEBA2E6269CD48F009B2469 /* Project object */ = {
			isa = PBXProject;
			attributes = {
				LastSwiftUpdateCheck = 1250;
				LastUpgradeCheck = 1250;
				TargetAttributes = {
					4F52D48126A81F0B00F1A904 = {
						CreatedOnToolsVersion = 12.5.1;
						TestTargetID = 4FEBA2ED269CD48F009B2469;
					};
					4FEBA2ED269CD48F009B2469 = {
						CreatedOnToolsVersion = 12.5.1;
					};
				};
			};
			buildConfigurationList = 4FEBA2E9269CD48F009B2469 /* Build configuration list for PBXProject "Pareto Security" */;
			compatibilityVersion = "Xcode 9.3";
			developmentRegion = en;
			hasScannedForEncodings = 0;
			knownRegions = (
				en,
				Base,
			);
			mainGroup = 4FEBA2E5269CD48F009B2469;
			packageReferences = (
				4F103010269F1C65008C1E86 /* XCRemoteSwiftPackageReference "LaunchAtLogin" */,
			);
			productRefGroup = 4FEBA2EF269CD48F009B2469 /* Products */;
			projectDirPath = "";
			projectRoot = "";
			targets = (
				4FEBA2ED269CD48F009B2469 /* Pareto Security */,
				4F52D48126A81F0B00F1A904 /* ParetoTests */,
			);
		};
/* End PBXProject section */

/* Begin PBXResourcesBuildPhase section */
		4F52D48026A81F0B00F1A904 /* Resources */ = {
			isa = PBXResourcesBuildPhase;
			buildActionMask = 2147483647;
			files = (
			);
			runOnlyForDeploymentPostprocessing = 0;
		};
		4FEBA2EC269CD48F009B2469 /* Resources */ = {
			isa = PBXResourcesBuildPhase;
			buildActionMask = 2147483647;
			files = (
				4FEBA2F9269CD48F009B2469 /* Preview Assets.xcassets in Resources */,
				4FEBA2F6269CD48F009B2469 /* Assets.xcassets in Resources */,
			);
			runOnlyForDeploymentPostprocessing = 0;
		};
/* End PBXResourcesBuildPhase section */

/* Begin PBXShellScriptBuildPhase section */
		4F103013269F1D45008C1E86 /* Bundle run at login */ = {
			isa = PBXShellScriptBuildPhase;
			buildActionMask = 2147483647;
			files = (
			);
			inputFileListPaths = (
			);
			inputPaths = (
			);
			name = "Bundle run at login";
			outputFileListPaths = (
			);
			outputPaths = (
			);
			runOnlyForDeploymentPostprocessing = 0;
			shellPath = /bin/sh;
			shellScript = "# Type a script or drag a script file from your workspace to insert its path.\n\"${BUILT_PRODUCTS_DIR}/LaunchAtLogin_LaunchAtLogin.bundle/Contents/Resources/copy-helper-swiftpm.sh\"\n";
		};
		4F103014269F28DE008C1E86 /* + build number */ = {
			isa = PBXShellScriptBuildPhase;
			buildActionMask = 2147483647;
			files = (
			);
			inputFileListPaths = (
			);
			inputPaths = (
			);
			name = "+ build number";
			outputFileListPaths = (
			);
			outputPaths = (
			);
			runOnlyForDeploymentPostprocessing = 0;
			shellPath = /bin/sh;
			shellScript = "# Type a script or drag a script file from your workspace to insert its path.\nbuildNumber=$(/usr/libexec/PlistBuddy -c \"Print CFBundleVersion\" \"${PROJECT_DIR}/${INFOPLIST_FILE}\")\nbuildNumber=$(($buildNumber + 1))\n/usr/libexec/PlistBuddy -c \"Set :CFBundleVersion $buildNumber\" \"${PROJECT_DIR}/${INFOPLIST_FILE}\"\n";
		};
/* End PBXShellScriptBuildPhase section */

/* Begin PBXSourcesBuildPhase section */
		4F52D47E26A81F0B00F1A904 /* Sources */ = {
			isa = PBXSourcesBuildPhase;
			buildActionMask = 2147483647;
			files = (
				4F52D48C26A81F1100F1A904 /* TestParetoCheck.swift in Sources */,
			);
			runOnlyForDeploymentPostprocessing = 0;
		};
		4FEBA2EA269CD48F009B2469 /* Sources */ = {
			isa = PBXSourcesBuildPhase;
			buildActionMask = 2147483647;
			files = (
				4F5E888026A053A9005271FB /* ParetoCheck.swift in Sources */,
				4FEBA304269CD4E0009B2469 /* StatusBarController.swift in Sources */,
				4F868DCF26A591E6005B876E /* Firewall.swift in Sources */,
				4FB405EF26A6FC4800267D5D /* ScreensaverPassword.swift in Sources */,
				4F868DD126A5C51C005B876E /* Autologin.swift in Sources */,
				4FEBA2F2269CD48F009B2469 /* ParetoApp.swift in Sources */,
				4F103008269EE136008C1E86 /* SettingsView.swift in Sources */,
				4F868DD326A5C751005B876E /* Screensaver.swift in Sources */,
				4FD0A24126A024440070BED4 /* Gatekeeper.swift in Sources */,
				4FB405F326A7140C00267D5D /* 1Password.swift in Sources */,
				4FB405F126A70DCC00267D5D /* ZoomVersion.swift in Sources */,
				4F52D47B26A81CD900F1A904 /* VPNConnection.swift in Sources */,
			);
			runOnlyForDeploymentPostprocessing = 0;
		};
/* End PBXSourcesBuildPhase section */

/* Begin PBXTargetDependency section */
		4F52D48826A81F0B00F1A904 /* PBXTargetDependency */ = {
			isa = PBXTargetDependency;
			target = 4FEBA2ED269CD48F009B2469 /* Pareto Security */;
			targetProxy = 4F52D48726A81F0B00F1A904 /* PBXContainerItemProxy */;
		};
/* End PBXTargetDependency section */

/* Begin XCBuildConfiguration section */
		4F52D48A26A81F0B00F1A904 /* Debug */ = {
			isa = XCBuildConfiguration;
			buildSettings = {
				BUNDLE_LOADER = "$(TEST_HOST)";
				CODE_SIGN_STYLE = Automatic;
				COMBINE_HIDPI_IMAGES = YES;
				DEVELOPMENT_TEAM = JND55328G8;
				INFOPLIST_FILE = ParetoTests/Info.plist;
				LD_RUNPATH_SEARCH_PATHS = (
					"$(inherited)",
					"@executable_path/../Frameworks",
					"@loader_path/../Frameworks",
				);
				MACOSX_DEPLOYMENT_TARGET = 11.3;
				PRODUCT_BUNDLE_IDENTIFIER = dz0ny.dev.ParetoTests;
				PRODUCT_NAME = "$(TARGET_NAME)";
				SWIFT_VERSION = 5.0;
				TEST_HOST = "$(BUILT_PRODUCTS_DIR)/Pareto Security.app/Contents/MacOS/Pareto Security";
			};
			name = Debug;
		};
		4F52D48B26A81F0B00F1A904 /* Release */ = {
			isa = XCBuildConfiguration;
			buildSettings = {
				BUNDLE_LOADER = "$(TEST_HOST)";
				CODE_SIGN_STYLE = Automatic;
				COMBINE_HIDPI_IMAGES = YES;
				DEVELOPMENT_TEAM = JND55328G8;
				INFOPLIST_FILE = ParetoTests/Info.plist;
				LD_RUNPATH_SEARCH_PATHS = (
					"$(inherited)",
					"@executable_path/../Frameworks",
					"@loader_path/../Frameworks",
				);
				MACOSX_DEPLOYMENT_TARGET = 11.3;
				PRODUCT_BUNDLE_IDENTIFIER = dz0ny.dev.ParetoTests;
				PRODUCT_NAME = "$(TARGET_NAME)";
				SWIFT_VERSION = 5.0;
				TEST_HOST = "$(BUILT_PRODUCTS_DIR)/Pareto Security.app/Contents/MacOS/Pareto Security";
			};
			name = Release;
		};
		4FEBA2FC269CD48F009B2469 /* Debug */ = {
			isa = XCBuildConfiguration;
			buildSettings = {
				ALWAYS_SEARCH_USER_PATHS = NO;
				CLANG_ANALYZER_NONNULL = YES;
				CLANG_ANALYZER_NUMBER_OBJECT_CONVERSION = YES_AGGRESSIVE;
				CLANG_CXX_LANGUAGE_STANDARD = "gnu++14";
				CLANG_CXX_LIBRARY = "libc++";
				CLANG_ENABLE_MODULES = YES;
				CLANG_ENABLE_OBJC_ARC = YES;
				CLANG_ENABLE_OBJC_WEAK = YES;
				CLANG_WARN_BLOCK_CAPTURE_AUTORELEASING = YES;
				CLANG_WARN_BOOL_CONVERSION = YES;
				CLANG_WARN_COMMA = YES;
				CLANG_WARN_CONSTANT_CONVERSION = YES;
				CLANG_WARN_DEPRECATED_OBJC_IMPLEMENTATIONS = YES;
				CLANG_WARN_DIRECT_OBJC_ISA_USAGE = YES_ERROR;
				CLANG_WARN_DOCUMENTATION_COMMENTS = YES;
				CLANG_WARN_EMPTY_BODY = YES;
				CLANG_WARN_ENUM_CONVERSION = YES;
				CLANG_WARN_INFINITE_RECURSION = YES;
				CLANG_WARN_INT_CONVERSION = YES;
				CLANG_WARN_NON_LITERAL_NULL_CONVERSION = YES;
				CLANG_WARN_OBJC_IMPLICIT_RETAIN_SELF = YES;
				CLANG_WARN_OBJC_LITERAL_CONVERSION = YES;
				CLANG_WARN_OBJC_ROOT_CLASS = YES_ERROR;
				CLANG_WARN_QUOTED_INCLUDE_IN_FRAMEWORK_HEADER = YES;
				CLANG_WARN_RANGE_LOOP_ANALYSIS = YES;
				CLANG_WARN_STRICT_PROTOTYPES = YES;
				CLANG_WARN_SUSPICIOUS_MOVE = YES;
				CLANG_WARN_UNGUARDED_AVAILABILITY = YES_AGGRESSIVE;
				CLANG_WARN_UNREACHABLE_CODE = YES;
				CLANG_WARN__DUPLICATE_METHOD_MATCH = YES;
				COPY_PHASE_STRIP = NO;
				DEBUG_INFORMATION_FORMAT = dwarf;
				ENABLE_STRICT_OBJC_MSGSEND = YES;
				ENABLE_TESTABILITY = YES;
				GCC_C_LANGUAGE_STANDARD = gnu11;
				GCC_DYNAMIC_NO_PIC = NO;
				GCC_NO_COMMON_BLOCKS = YES;
				GCC_OPTIMIZATION_LEVEL = 0;
				GCC_PREPROCESSOR_DEFINITIONS = (
					"DEBUG=1",
					"$(inherited)",
				);
				GCC_WARN_64_TO_32_BIT_CONVERSION = YES;
				GCC_WARN_ABOUT_RETURN_TYPE = YES_ERROR;
				GCC_WARN_UNDECLARED_SELECTOR = YES;
				GCC_WARN_UNINITIALIZED_AUTOS = YES_AGGRESSIVE;
				GCC_WARN_UNUSED_FUNCTION = YES;
				GCC_WARN_UNUSED_VARIABLE = YES;
				MACOSX_DEPLOYMENT_TARGET = 10.15;
				MTL_ENABLE_DEBUG_INFO = INCLUDE_SOURCE;
				MTL_FAST_MATH = YES;
				ONLY_ACTIVE_ARCH = YES;
				OTHER_SWIFT_FLAGS = "";
				SDKROOT = macosx;
				SWIFT_ACTIVE_COMPILATION_CONDITIONS = DEBUG;
				SWIFT_OPTIMIZATION_LEVEL = "-Onone";
				SWIFT_VERSION = 5.0;
			};
			name = Debug;
		};
		4FEBA2FD269CD48F009B2469 /* Release */ = {
			isa = XCBuildConfiguration;
			buildSettings = {
				ALWAYS_SEARCH_USER_PATHS = NO;
				CLANG_ANALYZER_NONNULL = YES;
				CLANG_ANALYZER_NUMBER_OBJECT_CONVERSION = YES_AGGRESSIVE;
				CLANG_CXX_LANGUAGE_STANDARD = "gnu++14";
				CLANG_CXX_LIBRARY = "libc++";
				CLANG_ENABLE_MODULES = YES;
				CLANG_ENABLE_OBJC_ARC = YES;
				CLANG_ENABLE_OBJC_WEAK = YES;
				CLANG_WARN_BLOCK_CAPTURE_AUTORELEASING = YES;
				CLANG_WARN_BOOL_CONVERSION = YES;
				CLANG_WARN_COMMA = YES;
				CLANG_WARN_CONSTANT_CONVERSION = YES;
				CLANG_WARN_DEPRECATED_OBJC_IMPLEMENTATIONS = YES;
				CLANG_WARN_DIRECT_OBJC_ISA_USAGE = YES_ERROR;
				CLANG_WARN_DOCUMENTATION_COMMENTS = YES;
				CLANG_WARN_EMPTY_BODY = YES;
				CLANG_WARN_ENUM_CONVERSION = YES;
				CLANG_WARN_INFINITE_RECURSION = YES;
				CLANG_WARN_INT_CONVERSION = YES;
				CLANG_WARN_NON_LITERAL_NULL_CONVERSION = YES;
				CLANG_WARN_OBJC_IMPLICIT_RETAIN_SELF = YES;
				CLANG_WARN_OBJC_LITERAL_CONVERSION = YES;
				CLANG_WARN_OBJC_ROOT_CLASS = YES_ERROR;
				CLANG_WARN_QUOTED_INCLUDE_IN_FRAMEWORK_HEADER = YES;
				CLANG_WARN_RANGE_LOOP_ANALYSIS = YES;
				CLANG_WARN_STRICT_PROTOTYPES = YES;
				CLANG_WARN_SUSPICIOUS_MOVE = YES;
				CLANG_WARN_UNGUARDED_AVAILABILITY = YES_AGGRESSIVE;
				CLANG_WARN_UNREACHABLE_CODE = YES;
				CLANG_WARN__DUPLICATE_METHOD_MATCH = YES;
				COPY_PHASE_STRIP = NO;
				DEBUG_INFORMATION_FORMAT = "dwarf-with-dsym";
				ENABLE_NS_ASSERTIONS = NO;
				ENABLE_STRICT_OBJC_MSGSEND = YES;
				GCC_C_LANGUAGE_STANDARD = gnu11;
				GCC_NO_COMMON_BLOCKS = YES;
				GCC_WARN_64_TO_32_BIT_CONVERSION = YES;
				GCC_WARN_ABOUT_RETURN_TYPE = YES_ERROR;
				GCC_WARN_UNDECLARED_SELECTOR = YES;
				GCC_WARN_UNINITIALIZED_AUTOS = YES_AGGRESSIVE;
				GCC_WARN_UNUSED_FUNCTION = YES;
				GCC_WARN_UNUSED_VARIABLE = YES;
				MACOSX_DEPLOYMENT_TARGET = 10.15;
				MTL_ENABLE_DEBUG_INFO = NO;
				MTL_FAST_MATH = YES;
				OTHER_SWIFT_FLAGS = "";
				SDKROOT = macosx;
				SWIFT_COMPILATION_MODE = wholemodule;
				SWIFT_OPTIMIZATION_LEVEL = "-O";
				SWIFT_VERSION = 5.0;
			};
			name = Release;
		};
		4FEBA2FF269CD48F009B2469 /* Debug */ = {
			isa = XCBuildConfiguration;
			buildSettings = {
				ASSETCATALOG_COMPILER_APPICON_NAME = AppIcon;
				ASSETCATALOG_COMPILER_GLOBAL_ACCENT_COLOR_NAME = AccentColor;
				CLANG_USE_OPTIMIZATION_PROFILE = YES;
				CODE_SIGN_ENTITLEMENTS = Pareto/Pareto.entitlements;
				CODE_SIGN_STYLE = Automatic;
				COMBINE_HIDPI_IMAGES = YES;
				DEVELOPMENT_ASSET_PATHS = "\"Pareto/Preview Content\"";
				DEVELOPMENT_TEAM = JND55328G8;
				ENABLE_HARDENED_RUNTIME = YES;
				ENABLE_PREVIEWS = YES;
				INFOPLIST_FILE = Pareto/Info.plist;
				LD_RUNPATH_SEARCH_PATHS = (
					"$(inherited)",
					"@executable_path/../Frameworks",
				);
				MACOSX_DEPLOYMENT_TARGET = 11.0;
				MARKETING_VERSION = 0.0.5;
				PRODUCT_BUNDLE_IDENTIFIER = dz0ny.dev.Pareto;
				PRODUCT_NAME = "$(TARGET_NAME)";
				SWIFT_VERSION = 5.0;
			};
			name = Debug;
		};
		4FEBA300269CD48F009B2469 /* Release */ = {
			isa = XCBuildConfiguration;
			buildSettings = {
				ASSETCATALOG_COMPILER_APPICON_NAME = AppIcon;
				ASSETCATALOG_COMPILER_GLOBAL_ACCENT_COLOR_NAME = AccentColor;
				CLANG_USE_OPTIMIZATION_PROFILE = YES;
				CODE_SIGN_ENTITLEMENTS = Pareto/Pareto.entitlements;
				CODE_SIGN_STYLE = Automatic;
				COMBINE_HIDPI_IMAGES = YES;
				DEVELOPMENT_ASSET_PATHS = "\"Pareto/Preview Content\"";
				DEVELOPMENT_TEAM = JND55328G8;
				ENABLE_HARDENED_RUNTIME = YES;
				ENABLE_PREVIEWS = YES;
				INFOPLIST_FILE = Pareto/Info.plist;
				LD_RUNPATH_SEARCH_PATHS = (
					"$(inherited)",
					"@executable_path/../Frameworks",
				);
				MACOSX_DEPLOYMENT_TARGET = 11.0;
				MARKETING_VERSION = 0.0.5;
				PRODUCT_BUNDLE_IDENTIFIER = dz0ny.dev.Pareto;
				PRODUCT_NAME = "$(TARGET_NAME)";
				SWIFT_VERSION = 5.0;
			};
			name = Release;
		};
/* End XCBuildConfiguration section */

/* Begin XCConfigurationList section */
		4F52D48926A81F0B00F1A904 /* Build configuration list for PBXNativeTarget "ParetoTests" */ = {
			isa = XCConfigurationList;
			buildConfigurations = (
				4F52D48A26A81F0B00F1A904 /* Debug */,
				4F52D48B26A81F0B00F1A904 /* Release */,
			);
			defaultConfigurationIsVisible = 0;
			defaultConfigurationName = Release;
		};
		4FEBA2E9269CD48F009B2469 /* Build configuration list for PBXProject "Pareto Security" */ = {
			isa = XCConfigurationList;
			buildConfigurations = (
				4FEBA2FC269CD48F009B2469 /* Debug */,
				4FEBA2FD269CD48F009B2469 /* Release */,
			);
			defaultConfigurationIsVisible = 0;
			defaultConfigurationName = Release;
		};
		4FEBA2FE269CD48F009B2469 /* Build configuration list for PBXNativeTarget "Pareto Security" */ = {
			isa = XCConfigurationList;
			buildConfigurations = (
				4FEBA2FF269CD48F009B2469 /* Debug */,
				4FEBA300269CD48F009B2469 /* Release */,
			);
			defaultConfigurationIsVisible = 0;
			defaultConfigurationName = Release;
		};
/* End XCConfigurationList section */

/* Begin XCRemoteSwiftPackageReference section */
		4F103010269F1C65008C1E86 /* XCRemoteSwiftPackageReference "LaunchAtLogin" */ = {
			isa = XCRemoteSwiftPackageReference;
			repositoryURL = "https://github.com/sindresorhus/LaunchAtLogin";
			requirement = {
				branch = main;
				kind = branch;
			};
		};
/* End XCRemoteSwiftPackageReference section */

/* Begin XCSwiftPackageProductDependency section */
		4F103011269F1C65008C1E86 /* LaunchAtLogin */ = {
			isa = XCSwiftPackageProductDependency;
			package = 4F103010269F1C65008C1E86 /* XCRemoteSwiftPackageReference "LaunchAtLogin" */;
			productName = LaunchAtLogin;
		};
/* End XCSwiftPackageProductDependency section */
	};
	rootObject = 4FEBA2E6269CD48F009B2469 /* Project object */;
}
